# platform: osx-arm64
# env_hash: 319cea23788c057d15a9575ebe6660c8568324d265d8304421f68c23a5a335db
@EXPLICIT
https://conda.anaconda.org/conda-forge/osx-arm64/make-4.3-he57ea6c_1.tar.bz2#1939d04ef89e38fde652ee8c669e092f
https://conda.anaconda.org/conda-forge/osx-arm64/aws-c-common-0.4.67-h27ca646_0.tar.bz2#4e087200071dc84c06250afde29dac7d
https://conda.anaconda.org/conda-forge/osx-arm64/bzip2-1.0.8-h27ca646_4.tar.bz2#55a1e36bcb49204b92c59901d57902da
https://conda.anaconda.org/conda-forge/osx-arm64/c-ares-1.17.1-h27ca646_0.tar.bz2#70dc7fea62640fc032f614eff8888691
https://conda.anaconda.org/conda-forge/osx-arm64/ca-certificates-2020.12.5-h4653dfc_0.tar.bz2#b39024501e189c8652f2a124bac9f233
https://conda.anaconda.org/conda-forge/osx-arm64/libcxx-11.0.1-h168391b_0.tar.bz2#a0469152a5bea653a3054f8c3f4adbe3
https://conda.anaconda.org/conda-forge/osx-arm64/libev-4.33-h642e427_1.tar.bz2#566dbf70fe79eacdb3c3d3d195a27f55
https://conda.anaconda.org/conda-forge/osx-arm64/libsodium-1.0.18-h27ca646_1.tar.bz2#90859688dbca4735b74c02af14c4c793
https://conda.anaconda.org/conda-forge/osx-arm64/libutf8proc-2.6.1-h27ca646_0.tar.bz2#2f1951cb2bd1b8401420b5f29c51ebcb
https://conda.anaconda.org/conda-forge/osx-arm64/libuv-1.41.0-h27ca646_0.tar.bz2#9215be5b4943309641ae7fd5da303520
https://conda.anaconda.org/conda-forge/osx-arm64/llvm-openmp-11.0.1-hb3022d6_0.tar.bz2#d8765c2c045b21281aebe6e1a05fb06a
https://conda.anaconda.org/conda-forge/osx-arm64/ncurses-6.2-h9aa5885_4.tar.bz2#8a4aa25a5741e65f2338204f8a45d8d8
https://conda.anaconda.org/conda-forge/noarch/tzdata-2021a-he74cb21_0.tar.bz2#6f36861f102249fc54861ff9343c3fdd
https://conda.anaconda.org/conda-forge/osx-arm64/xz-5.2.5-h642e427_1.tar.bz2#9ab2316785cb81c464ab9a99512dae71
https://conda.anaconda.org/conda-forge/osx-arm64/yaml-0.2.5-h642e427_0.tar.bz2#143549bda61a8b9e3a223328cdddc811
https://conda.anaconda.org/conda-forge/osx-arm64/zlib-1.2.11-h31e879b_1009.tar.bz2#96796f31644a5e13e12dc194284f7681
https://conda.anaconda.org/conda-forge/osx-arm64/abseil-cpp-20200923.3-h9f76cd9_0.tar.bz2#22b2affb422322f9adea40c8a2bb595d
https://conda.anaconda.org/conda-forge/osx-arm64/aws-checksums-0.1.11-hff6c12a_1.tar.bz2#f93f4ae052af2e78f334fc09e8a10296
https://conda.anaconda.org/conda-forge/osx-arm64/brotli-1.0.9-h9f76cd9_4.tar.bz2#151db8d986b24ae5a444ff2633c2032d
https://conda.anaconda.org/conda-forge/osx-arm64/gflags-2.2.2-hc88da5d_1004.tar.bz2#aab9ddfad863e9ef81229a1f8852211b
https://conda.anaconda.org/conda-forge/osx-arm64/libedit-3.1.20191231-hc8eb9b7_2.tar.bz2#30e4362988a2623e9eb34337b83e01f9
https://conda.anaconda.org/conda-forge/osx-arm64/libffi-3.3-h9f76cd9_2.tar.bz2#1b0a3e283ef04b308e0b0cdeb2d65cbc
https://conda.anaconda.org/conda-forge/osx-arm64/libgfortran5-11.0.0.dev0-hdc626ea_18.tar.bz2#8e8004fd527f2e96de2a096fadb022f0
https://conda.anaconda.org/conda-forge/osx-arm64/libprotobuf-3.15.1-habe5f53_0.tar.bz2#0ea21eb3ef0a43ba5dfb99b9a33755af
https://conda.anaconda.org/conda-forge/osx-arm64/lz4-c-1.9.3-h9f76cd9_0.tar.bz2#260eb842cd22e48809773dd5b4b4b2ac
https://conda.anaconda.org/conda-forge/osx-arm64/openssl-1.1.1j-h27ca646_0.tar.bz2#dfc7b7a9c2295b8d05cf4e8352fa1c7b
https://conda.anaconda.org/conda-forge/osx-arm64/re2-2020.11.01-h9f76cd9_0.tar.bz2#3a9dacfeb21d7bdd2d3bdd451e1799a8
https://conda.anaconda.org/conda-forge/osx-arm64/readline-8.0-hc8eb9b7_2.tar.bz2#ebb6a9996404e7c9c1a633e1a4576f3d
https://conda.anaconda.org/conda-forge/osx-arm64/snappy-1.1.8-hc88da5d_3.tar.bz2#135a8eea821d611227a52a0a1b7c52e9
https://conda.anaconda.org/conda-forge/osx-arm64/tk-8.6.10-hf7e6567_1.tar.bz2#42c39bbf010ef4fa5839c61a19535980
https://conda.anaconda.org/conda-forge/osx-arm64/zeromq-4.3.4-h9f76cd9_0.tar.bz2#602aea97916e7e8798898382d255c042
https://conda.anaconda.org/conda-forge/osx-arm64/aws-c-cal-0.4.5-h562c67a_6.tar.bz2#ae2eff0bcfb16ec6aefc3a32f75f65fb
https://conda.anaconda.org/conda-forge/osx-arm64/glog-0.4.0-h6361243_3.tar.bz2#5ad9448a77566f9a70e64517aa29a6ed
https://conda.anaconda.org/conda-forge/osx-arm64/grpc-cpp-1.35.0-h6055c98_1.tar.bz2#4027984fe9c12f11d6023349aaba5a71
https://conda.anaconda.org/conda-forge/osx-arm64/krb5-1.17.2-h17618d6_0.tar.bz2#8bfb9056c3e651d4d5fa2cb24a179921
https://conda.anaconda.org/conda-forge/osx-arm64/libevent-2.1.10-h93437e4_3.tar.bz2#90a4c731df9bc7b47871f170c57b3895
https://conda.anaconda.org/conda-forge/osx-arm64/libgfortran-5.0.0.dev0-11_0_0_hdc626ea_18.tar.bz2#035e14f0ddea07b7b0d830c473a2c42c
https://conda.anaconda.org/conda-forge/osx-arm64/libnghttp2-1.43.0-hf3018f0_0.tar.bz2#1a1622ea46f4a78cc4a5e88936d8571c
https://conda.anaconda.org/conda-forge/osx-arm64/libssh2-1.9.0-h1c49ba1_5.tar.bz2#caf7ee862cebe13e63290e48b3a8212a
https://conda.anaconda.org/conda-forge/osx-arm64/sqlite-3.34.0-h6d56c25_0.tar.bz2#526022f4bb14e7cf121b7e2b77a5f14d
https://conda.anaconda.org/conda-forge/osx-arm64/zstd-1.4.8-h5b28eab_1.tar.bz2#c1dcd3a87c83bf58959a3fb7d3863917
https://conda.anaconda.org/conda-forge/osx-arm64/aws-c-io-0.8.3-hff6c12a_1.tar.bz2#82239bdacc5748fc9a5f8b468baae4d8
https://conda.anaconda.org/conda-forge/osx-arm64/libcurl-7.71.1-hd2aec06_8.tar.bz2#f27211f3ae0fbab196b9f42b49673da1
https://conda.anaconda.org/conda-forge/osx-arm64/libopenblas-0.3.12-openmp_h2ecc587_1.tar.bz2#91c53b4976a00916215b2f5e289bc787
https://conda.anaconda.org/conda-forge/osx-arm64/libthrift-0.13.0-h854ee3b_6.tar.bz2#4231568651039412654250a55fc5bc8b
https://conda.anaconda.org/conda-forge/osx-arm64/orc-1.6.7-h1603638_1.tar.bz2#b2dd4318941dea72ea965213f9375e9d
https://conda.anaconda.org/conda-forge/osx-arm64/python-3.9.2-hcbd9b3a_0_cpython.tar.bz2#555908ae845bd2b952534c31299e55cb
https://conda.anaconda.org/conda-forge/noarch/appdirs-1.4.4-pyh9f0ad1d_0.tar.bz2#5f095bc6454094e96f146491fd03633b
https://conda.anaconda.org/conda-forge/noarch/async_generator-1.10-py_0.tar.bz2#d56c596e61b1c4952acf0a9920856c12
https://conda.anaconda.org/conda-forge/noarch/attrs-20.3.0-pyhd3deb0d_0.tar.bz2#5b319abb055eefcfa344bc21378ca23f
https://conda.anaconda.org/conda-forge/osx-arm64/aws-c-event-stream-0.2.6-h464a8f3_4.tar.bz2#f6bac0635ac993e6bbedde84cd3eda31
https://conda.anaconda.org/conda-forge/noarch/backcall-0.2.0-pyh9f0ad1d_0.tar.bz2#6006a6d08a3fa99268a2681c7fb55213
https://conda.anaconda.org/conda-forge/noarch/backports-1.0-py_2.tar.bz2#0da16b293affa6ac31812376f8eb79dd
https://conda.anaconda.org/conda-forge/noarch/click-7.1.2-pyh9f0ad1d_0.tar.bz2#bd50a970ce07e660c319fdc4d730d3f1
https://conda.anaconda.org/conda-forge/noarch/dataclasses-0.7-pyhb2cacf7_7.tar.bz2#3c9869f82e8f246c3f26e91da684597e
https://conda.anaconda.org/conda-forge/noarch/decorator-4.4.2-py_0.tar.bz2#d2eabb9cabd212e1ec6a9463bd846243
https://conda.anaconda.org/conda-forge/noarch/defusedxml-0.6.0-py_0.tar.bz2#37e1033daee0e2edaa5ff42584c52b21
https://conda.anaconda.org/conda-forge/noarch/distlib-0.3.1-pyh9f0ad1d_0.tar.bz2#db990401a267e2b15854af5f3f84f763
https://conda.anaconda.org/conda-forge/noarch/entrypoints-0.3-pyhd8ed1ab_1003.tar.bz2#bbf9a201f6ce99a506f4955374d9a9f4
https://conda.anaconda.org/conda-forge/noarch/filelock-3.0.12-pyh9f0ad1d_0.tar.bz2#7544ed05bbbe9bb687bc9bcbe4d6cb46
https://conda.anaconda.org/conda-forge/noarch/h11-0.12.0-pyhd8ed1ab_0.tar.bz2#a8c3c313e5339029946b66070cf24b39
https://conda.anaconda.org/conda-forge/noarch/idna-2.10-pyh9f0ad1d_0.tar.bz2#f95a12b4f435aae6680fe55ae2eb1b06
https://conda.anaconda.org/conda-forge/noarch/ipython_genutils-0.2.0-py_1.tar.bz2#5071c982548b3a20caf70462f04f5287
https://conda.anaconda.org/conda-forge/noarch/json5-0.9.5-pyh9f0ad1d_0.tar.bz2#10759827a94e6b14996e81fb002c0bda
https://conda.anaconda.org/conda-forge/osx-arm64/libblas-3.9.0-8_openblas.tar.bz2#e903ce85d36c356b2e8c480c74890552
https://conda.anaconda.org/conda-forge/noarch/nest-asyncio-1.4.3-pyhd8ed1ab_0.tar.bz2#a1f2fda4d88c624810bf2029aa4c0827
https://conda.anaconda.org/conda-forge/noarch/pandocfilters-1.4.2-py_1.tar.bz2#ba6f4a308f1ea22abe1d72e72544af76
https://conda.anaconda.org/conda-forge/noarch/parso-0.8.1-pyhd8ed1ab_0.tar.bz2#8b0a19d867a59005c1ae631d61a12194
https://conda.anaconda.org/conda-forge/noarch/pathspec-0.8.1-pyhd3deb0d_0.tar.bz2#fcd2fbb062b55d14a77e664c89ee17a6
https://conda.anaconda.org/conda-forge/noarch/pickleshare-0.7.5-py_1003.tar.bz2#415f0ebb6198cc2801c73438a9fb5761
https://conda.anaconda.org/conda-forge/noarch/prometheus_client-0.9.0-pyhd3deb0d_0.tar.bz2#c7af95daf5bae22ead34151e0ab9d041
https://conda.anaconda.org/conda-forge/noarch/ptyprocess-0.7.0-pyhd3deb0d_0.tar.bz2#359eeb6536da0e687af562ed265ec263
https://conda.anaconda.org/conda-forge/noarch/pycparser-2.20-pyh9f0ad1d_2.tar.bz2#aa798d50ffd182a0f6f31478c7f434f6
https://conda.anaconda.org/conda-forge/noarch/pyparsing-2.4.7-pyh9f0ad1d_0.tar.bz2#626c4f20d5bf06dcec9cf2eaa31725c7
https://conda.anaconda.org/conda-forge/osx-arm64/python_abi-3.9-1_cp39.tar.bz2#06e5b68ca789e3b7910c3f09cdffda7c
https://conda.anaconda.org/conda-forge/noarch/pytz-2021.1-pyhd8ed1ab_0.tar.bz2#3af2e9424d5eb0063824a3f9b850d411
https://conda.anaconda.org/conda-forge/noarch/send2trash-1.5.0-py_0.tar.bz2#c3779037a635e1150f1c53c28b875949
https://conda.anaconda.org/conda-forge/noarch/six-1.15.0-pyh9f0ad1d_0.tar.bz2#1eec421f0f1f39e579e44e4a5ce646a2
https://conda.anaconda.org/conda-forge/noarch/starlette-base-0.13.6-py_0.tar.bz2#4048417a60cd022ce5c1badb0a2e11dd
https://conda.anaconda.org/conda-forge/noarch/testpath-0.4.4-py_0.tar.bz2#3b98fff4d5342bebde2ecaa314f796f9
https://conda.anaconda.org/conda-forge/noarch/threadpoolctl-2.1.0-pyh5ca1d4c_0.tar.bz2#9eb32b63458380aa3804de519b6e5749
https://conda.anaconda.org/conda-forge/noarch/toml-0.10.2-pyhd8ed1ab_0.tar.bz2#f832c45a477c78bebd107098db465095
https://conda.anaconda.org/conda-forge/noarch/typing_extensions-3.7.4.3-py_0.tar.bz2#12b96e382730541a4b332420227055ae
https://conda.anaconda.org/conda-forge/noarch/watchgod-0.6-py_0.tar.bz2#4499434e6002bd82fdd50a76ea2c7b2c
https://conda.anaconda.org/conda-forge/noarch/webencodings-0.5.1-py_1.tar.bz2#3563be4c5611a44210d9ba0c16113136
https://conda.anaconda.org/conda-forge/noarch/wheel-0.36.2-pyhd3deb0d_0.tar.bz2#768bfbe026426d0e76b377997d1f2b98
https://conda.anaconda.org/conda-forge/noarch/zipp-3.4.0-py_0.tar.bz2#0df927d2e46244cef8fd75d7ec2ba51c
https://conda.anaconda.org/conda-forge/osx-arm64/appnope-0.1.2-py39h2804cbe_1.tar.bz2#7002e26e4fea421f003ae53db5729762
https://conda.anaconda.org/conda-forge/osx-arm64/aws-sdk-cpp-1.8.138-h86800ac_1.tar.bz2#f3f73d255401b5ca4087694cf37d1226
https://conda.anaconda.org/conda-forge/noarch/babel-2.9.0-pyhd3deb0d_0.tar.bz2#1cb532c9a6fd4e56a9f0906b87c17b76
https://conda.anaconda.org/conda-forge/osx-arm64/certifi-2020.12.5-py39h2804cbe_1.tar.bz2#4e6750d127cb5485a86fbddefe7ef2d1
https://conda.anaconda.org/conda-forge/osx-arm64/cffi-1.14.5-py39h702c04f_0.tar.bz2#28a2873713fb46c37520dc083a316e23
https://conda.anaconda.org/conda-forge/noarch/cfgv-3.2.0-py_0.tar.bz2#4972efcb3e2cbd3954b24a17266be25c
https://conda.anaconda.org/conda-forge/osx-arm64/chardet-4.0.0-py39h2804cbe_1.tar.bz2#47f595c9627a2ddafda530984ffd105a
https://conda.anaconda.org/conda-forge/osx-arm64/editdistance-0.5.3-py39h93dc1e2_3.tar.bz2#44550b44789f64b6b2e943d1e940140b
https://conda.anaconda.org/conda-forge/osx-arm64/httptools-0.1.1-py39h46acfd9_2.tar.bz2#555dae43420faaa4f979e360549708dc
https://conda.anaconda.org/conda-forge/osx-arm64/importlib-metadata-3.4.0-py39h2804cbe_0.tar.bz2#60c108496f6ef7d8ddc15ad5b4b3496c
https://conda.anaconda.org/conda-forge/osx-arm64/jedi-0.18.0-py39h2804cbe_2.tar.bz2#e5de774d3a860d3aeb74d319f43688da
https://conda.anaconda.org/conda-forge/osx-arm64/libcblas-3.9.0-8_openblas.tar.bz2#dfc8c47798a0678db93db5abb13f67bf
https://conda.anaconda.org/conda-forge/osx-arm64/liblapack-3.9.0-8_openblas.tar.bz2#295f50912c446aebf710507224aca2b4
https://conda.anaconda.org/conda-forge/osx-arm64/markupsafe-1.1.1-py39h46acfd9_3.tar.bz2#05cd0a0c634e09f7c2fc5449b26f1c47
https://conda.anaconda.org/conda-forge/osx-arm64/mistune-0.8.4-py39h46acfd9_1003.tar.bz2#8c90d8ae323b7fd790015cc3ffc404eb
https://conda.anaconda.org/conda-forge/osx-arm64/mypy_extensions-0.4.3-py39h2804cbe_3.tar.bz2#ad2e427062a48e4365fd54302bde1e91
https://conda.anaconda.org/conda-forge/noarch/packaging-20.9-pyh44b312d_0.tar.bz2#be69a38e912054a62dc82cc3c7711a64
https://conda.anaconda.org/conda-forge/noarch/pexpect-4.8.0-pyh9f0ad1d_2.tar.bz2#5909e7b978141dd80d28dbf9de627827
https://conda.anaconda.org/conda-forge/osx-arm64/pydantic-1.7.3-py39h46acfd9_0.tar.bz2#6e2d8d17b6f2b9d23304cd66acdf274c
https://conda.anaconda.org/conda-forge/osx-arm64/pyrsistent-0.17.3-py39h46acfd9_2.tar.bz2#ce847f6b74102d97a4c64465a903750c
https://conda.anaconda.org/conda-forge/osx-arm64/pysocks-1.7.1-py39h2804cbe_3.tar.bz2#b64a9a8199e9e54a134bb0f78687f7fa
https://conda.anaconda.org/conda-forge/noarch/python-dateutil-2.8.1-py_0.tar.bz2#0d0150ed9c2d25817f5324108d3f7571
https://conda.anaconda.org/conda-forge/noarch/python-dotenv-0.15.0-pyhd8ed1ab_0.tar.bz2#699421f15243c4528c66568916466c08
https://conda.anaconda.org/conda-forge/osx-arm64/pyyaml-5.4.1-py39h46acfd9_0.tar.bz2#9d200b6c1b2d539ea23046a2154b0f7d
https://conda.anaconda.org/conda-forge/osx-arm64/pyzmq-22.0.3-py39hc82af31_0.tar.bz2#1c143e80fc09d21c2e2fff291b5c4439
https://conda.anaconda.org/conda-forge/osx-arm64/regex-2020.11.13-py39h46acfd9_1.tar.bz2#f90f8848f42fdd78eddc49dfe9bfe159
https://conda.anaconda.org/conda-forge/osx-arm64/sniffio-1.2.0-py39h2804cbe_1.tar.bz2#b52e2887e84d17b67b558a9f0f8dfdb5
https://conda.anaconda.org/conda-forge/osx-arm64/tornado-6.1-py39h46acfd9_1.tar.bz2#6c4e7809a2cadd7e97d08585dd6f6016
https://conda.anaconda.org/conda-forge/noarch/traitlets-5.0.5-py_0.tar.bz2#99618ee9ab1323e40f231acdab92fe60
https://conda.anaconda.org/conda-forge/osx-arm64/typed-ast-1.4.2-py39h46acfd9_0.tar.bz2#258b9def7dfc9e29de7f88590823987f
https://conda.anaconda.org/conda-forge/osx-arm64/uvloop-0.15.2-py39h46acfd9_0.tar.bz2#9ebe732ce50dd9caa56769d6baee0bd6
https://conda.anaconda.org/conda-forge/osx-arm64/virtualenv-20.4.2-py39h2804cbe_0.tar.bz2#2229cca2c3e060c2d89e861693b7d8ff
https://conda.anaconda.org/conda-forge/osx-arm64/websockets-8.1-py39h46acfd9_3.tar.bz2#e78cb0e1655d8d669174785b110ff243
https://conda.anaconda.org/conda-forge/osx-arm64/anyio-2.1.0-py39h2804cbe_0.tar.bz2#868e709d5bd3eb57783a1cd3226c2d9a
https://conda.anaconda.org/conda-forge/osx-arm64/argon2-cffi-20.1.0-py39h46acfd9_2.tar.bz2#82726e9d63727e61bbe322c4efb94e9a
https://conda.anaconda.org/conda-forge/noarch/black-20.8b1-py_1.tar.bz2#e555d6b71ec916c3dc4e6e3793cc9796
https://conda.anaconda.org/conda-forge/osx-arm64/brotlipy-0.7.0-py39h51e6412_1001.tar.bz2#c47215b10657cfd41e505bdd29ff7a18
https://conda.anaconda.org/conda-forge/osx-arm64/cryptography-3.4.4-py39h6e07874_0.tar.bz2#2b7e50b7524a612dfb6d8c6bd9a54b72
https://conda.anaconda.org/conda-forge/noarch/fastapi-0.63.0-pyhd8ed1ab_0.tar.bz2#711d4fa5bc5de329873dc384a67ab984
https://conda.anaconda.org/conda-forge/noarch/identify-1.5.14-pyh44b312d_0.tar.bz2#56d02c1a5dbb32a00249ea2c6db264c4
https://conda.anaconda.org/conda-forge/noarch/importlib_metadata-3.4.0-hd8ed1ab_0.tar.bz2#6d962cade0658bb1040a3e994add14e0
https://conda.anaconda.org/conda-forge/osx-arm64/jupyter_core-4.7.1-py39h2804cbe_0.tar.bz2#5c91d967246b35f0ff48140f85ca83a1
https://conda.anaconda.org/conda-forge/osx-arm64/numpy-1.20.1-py39h69a04d8_0.tar.bz2#94cb26d3f661c059e91170324a74f317
https://conda.anaconda.org/conda-forge/osx-arm64/setuptools-49.6.0-py39h2804cbe_3.tar.bz2#b2268b9c73391e6199dc6936da31cddf
https://conda.anaconda.org/conda-forge/osx-arm64/terminado-0.9.2-py39h2804cbe_0.tar.bz2#476aad922cbbb50a203696a56151c27b
https://conda.anaconda.org/conda-forge/osx-arm64/uvicorn-0.13.4-py39h2804cbe_0.tar.bz2#50ed4e47f66918bfef66c84b868bd632
https://conda.anaconda.org/conda-forge/osx-arm64/arrow-cpp-3.0.0-py39h0a613d6_5_cpu.tar.bz2#5088de02269aa3798771b75e5bffd072
https://conda.anaconda.org/conda-forge/noarch/backports.functools_lru_cache-1.6.1-py_0.tar.bz2#d36df15eaef96549ce6231e3088fba54
https://conda.anaconda.org/conda-forge/noarch/bleach-3.3.0-pyh44b312d_0.tar.bz2#abf6b76c39358ca36ca706c46f054f2a
https://conda.anaconda.org/conda-forge/osx-arm64/gunicorn-20.0.4-py39h2804cbe_3.tar.bz2#343872c7bf90d1c8590c699350674efe
https://conda.anaconda.org/conda-forge/noarch/jinja2-2.11.3-pyh44b312d_0.tar.bz2#1d4c3605d85a3655b1595e0694138eb6
https://conda.anaconda.org/conda-forge/noarch/joblib-1.0.1-pyhd8ed1ab_0.tar.bz2#27d5ed1aaf2bbb5a0cc307a12d8e032f
https://conda.anaconda.org/conda-forge/noarch/jsonschema-3.2.0-py_2.tar.bz2#a17aa962de6145d08e1008cb37c20161
https://conda.anaconda.org/conda-forge/noarch/jupyter-packaging-0.7.12-pyhd8ed1ab_0.tar.bz2#ab2fd67d07b63afe5ea6db6c5f32b5fd
https://conda.anaconda.org/conda-forge/noarch/jupyter_client-6.1.11-pyhd8ed1ab_1.tar.bz2#0fcd80df6d4e0558754c39453ffa3110
https://conda.anaconda.org/conda-forge/noarch/nodeenv-1.5.0-pyh9f0ad1d_0.tar.bz2#59e109cb68807a14b71f3f973b93747b
https://conda.anaconda.org/conda-forge/osx-arm64/pandas-1.2.2-py39ha4bedbf_0.tar.bz2#9f928a021bb74e3264819f527a2552fb
https://conda.anaconda.org/conda-forge/noarch/pip-21.0.1-pyhd8ed1ab_0.tar.bz2#849477e10d78cbc283c78fd53bfbb567
https://conda.anaconda.org/conda-forge/noarch/pygments-2.8.0-pyhd8ed1ab_0.tar.bz2#226cd14ba0554ca2648fecd11090f473
https://conda.anaconda.org/conda-forge/noarch/pyopenssl-20.0.1-pyhd8ed1ab_0.tar.bz2#92371c25994d0f5d28a01c1fb75ebf86
https://conda.anaconda.org/conda-forge/osx-arm64/scipy-1.6.0-py39h73ea49b_0.tar.bz2#9a91e6bd7313417971fd281ac12dcc02
https://conda.anaconda.org/conda-forge/noarch/setuptools-scm-5.0.1-pyhd3deb0d_0.tar.bz2#4a2aca8eb8f90c907a54154347acff61
https://conda.anaconda.org/conda-forge/noarch/jupyterlab_pygments-0.1.2-pyh9f0ad1d_0.tar.bz2#2cbd910890bb328e8959246a1e16fac7
https://conda.anaconda.org/conda-forge/noarch/nbformat-5.1.2-pyhd8ed1ab_1.tar.bz2#9633dbb668ac1f9266427672816899dc
https://conda.anaconda.org/conda-forge/noarch/parquet-cpp-1.5.1-2.tar.bz2#79a5f78c42817594ae016a7896521a97
https://conda.anaconda.org/conda-forge/osx-arm64/pre-commit-2.10.1-py39h2804cbe_0.tar.bz2#3737cefef5b89d5a9d4a9e2c4e4f05ff
https://conda.anaconda.org/conda-forge/osx-arm64/scikit-learn-0.24.1-py39hb966dd2_0.tar.bz2#fce7d75c8ab4e51369b366b86c2b56f3
https://conda.anaconda.org/conda-forge/noarch/setuptools_scm-5.0.1-hd8ed1ab_0.tar.bz2#a646405c41a50cf223e1e04a49e3b2b9
https://conda.anaconda.org/conda-forge/noarch/urllib3-1.26.3-pyhd8ed1ab_0.tar.bz2#25573e57774dd54cfa848e5dd44503ed
https://conda.anaconda.org/conda-forge/noarch/wcwidth-0.2.5-pyh9f0ad1d_2.tar.bz2#5266fcd697043c59621fda522b3d78ee
https://conda.anaconda.org/conda-forge/osx-arm64/lightgbm-3.1.1-py39h93dc1e2_0.tar.bz2#adf3067d57dd9b9635e8683d10535e02
https://conda.anaconda.org/conda-forge/noarch/nbclient-0.5.2-pyhd8ed1ab_0.tar.bz2#06970c2047dd29a7d320b0a765f9b1e4
https://conda.anaconda.org/conda-forge/noarch/prompt-toolkit-3.0.16-pyha770c72_0.tar.bz2#1a7cec3da4a94cd23d3de4155bff4941
https://conda.anaconda.org/conda-forge/osx-arm64/pyarrow-3.0.0-py39h34f1c6d_5_cpu.tar.bz2#bc258355531dd16d6bd8bac7f0a161b0
https://conda.anaconda.org/conda-forge/noarch/requests-2.25.1-pyhd3deb0d_0.tar.bz2#ae687aba31a1c400192a86a2e993ffdc
https://conda.anaconda.org/conda-forge/osx-arm64/ipython-7.20.0-py39h32adebf_2.tar.bz2#daca9225867e38bcde51cbdd27eccb9f
https://conda.anaconda.org/conda-forge/osx-arm64/nbconvert-6.0.7-py39h2804cbe_3.tar.bz2#9c5580b409bf3e52d177729d9824c39d
https://conda.anaconda.org/conda-forge/osx-arm64/ipykernel-5.5.0-py39h32adebf_1.tar.bz2#d22cf1c2bd7f795e32de95c7a614e505
https://conda.anaconda.org/conda-forge/osx-arm64/jupyter_server-1.4.1-py39h2804cbe_0.tar.bz2#bd47928f57a00fed2ab514a22e955600
https://conda.anaconda.org/conda-forge/noarch/nb_black-1.0.7-py_0.tar.bz2#f020a22aba0d6996603fdfe281471a00
https://conda.anaconda.org/conda-forge/noarch/jupyterlab_server-2.3.0-pyhd8ed1ab_0.tar.bz2#e1ab43655ba7ede6917e2daa37c7b217
https://conda.anaconda.org/conda-forge/osx-arm64/notebook-6.2.0-py39h2804cbe_0.tar.bz2#9adfe21739cfd0c03e755ca1b80201cf
https://conda.anaconda.org/conda-forge/noarch/nbclassic-0.2.6-pyhd8ed1ab_0.tar.bz2#49be35e31b49012ea91fcd667ebdf4ad
https://conda.anaconda.org/conda-forge/noarch/jupyterlab-3.0.9-pyhd8ed1ab_0.tar.bz2#083a50575417a6148ce09133f6d4d63d
https://conda.anaconda.org/conda-forge/noarch/jupytext-1.10.2-pyh44b312d_0.tar.bz2#6e5537d03420997f83639c1a074172e7
https://conda.anaconda.org/conda-forge/noarch/markdown-it-py-0.6.2-pyhd8ed1ab_0.tar.bz2#61d712a472b02ccd3ba3f45383d373a3
https://conda.anaconda.org/conda-forge/noarch/mdit-py-plugins-0.2.5-pyhd8ed1ab_0.tar.bz2#8843c122b4f50190eb090853f54c9162
