# platform: linux-aarch64
# env_hash: d836fba22bb011810696e4bfefe7021e0e8ed156d6590e1891a520c5fe5851bb
@EXPLICIT
https://conda.anaconda.org/conda-forge/linux-aarch64/ca-certificates-2020.12.5-h4fd8a4c_0.tar.bz2#5356fcc6dfd0dd51905e98e8fd88c8c6
https://conda.anaconda.org/conda-forge/linux-aarch64/ld_impl_linux-aarch64-2.35.1-h02ad14f_2.tar.bz2#a97f2d5eb4a1c2b2819fbd28f31bfabb
https://conda.anaconda.org/conda-forge/linux-aarch64/libgfortran5-9.3.0-h51dc86a_17.tar.bz2#1d515bb0a8600c5fa96baad51f1ca967
https://conda.anaconda.org/conda-forge/linux-aarch64/libgomp-9.3.0-h8ab15db_17.tar.bz2#80d052d1b6f37cd4dd715df9aa785a0b
https://conda.anaconda.org/conda-forge/linux-aarch64/libstdcxx-ng-9.3.0-h7a64470_17.tar.bz2#5989d6b06b29635f4883a2410cd57870
https://conda.anaconda.org/conda-forge/noarch/tzdata-2021a-he74cb21_0.tar.bz2#6f36861f102249fc54861ff9343c3fdd
https://conda.anaconda.org/conda-forge/linux-aarch64/_openmp_mutex-4.5-1_gnu.tar.bz2#d029b13a6c638f91c9db96a991ac56f0
https://conda.anaconda.org/conda-forge/linux-aarch64/libgfortran-ng-9.3.0-h51dc86a_17.tar.bz2#0fde5c4ad1705bf0e6d9a8481216ede7
https://conda.anaconda.org/conda-forge/linux-aarch64/libgcc-ng-9.3.0-h8ab15db_17.tar.bz2#a7b900b3bd4b3a5286254749e093531b
https://conda.anaconda.org/conda-forge/linux-aarch64/abseil-cpp-20200923.3-h01db608_0.tar.bz2#eab5cff158f01c732ca2d1f0ce12e758
https://conda.anaconda.org/conda-forge/linux-aarch64/aws-c-common-0.4.67-hf897c2e_0.tar.bz2#8c3b469fd0ad8ae8c48a0430c6023d6f
https://conda.anaconda.org/conda-forge/linux-aarch64/brotli-1.0.9-h01db608_4.tar.bz2#bde2c29dd7570525221441fcc0bf3ae9
https://conda.anaconda.org/conda-forge/linux-aarch64/bzip2-1.0.8-hf897c2e_4.tar.bz2#2d787570a729e273a4e75775ddf3348a
https://conda.anaconda.org/conda-forge/linux-aarch64/c-ares-1.17.1-hb9de7d4_0.tar.bz2#e30906df2ee0c1d699aeed42d603e22e
https://conda.anaconda.org/conda-forge/linux-aarch64/gflags-2.2.2-he1b5a44_1004.tar.bz2#83cd5d5cd1cde744005eccd827cd43f4
https://conda.anaconda.org/conda-forge/linux-aarch64/libev-4.33-h516909a_1.tar.bz2#9eac5901791494108c9b9ab85ca8aa93
https://conda.anaconda.org/conda-forge/linux-aarch64/libffi-3.3-h884eca8_2.tar.bz2#b2b11b4c4b858cf892bfb91bcc4f7dec
https://conda.anaconda.org/conda-forge/linux-aarch64/libopenblas-0.3.12-pthreads_h4812303_1.tar.bz2#b32ae7e5eacc2045e68bd190fbf3fbf2
https://conda.anaconda.org/conda-forge/linux-aarch64/libsodium-1.0.18-hb9de7d4_1.tar.bz2#d09ab3c60eebb6f14eb4d07e172775cc
https://conda.anaconda.org/conda-forge/linux-aarch64/libutf8proc-2.6.1-hf897c2e_0.tar.bz2#5901ec9db24b4e70d8ffb67d29907e1b
https://conda.anaconda.org/conda-forge/linux-aarch64/libuv-1.41.0-hf897c2e_0.tar.bz2#aab488995f06433885a08c000b57fc78
https://conda.anaconda.org/conda-forge/linux-aarch64/lz4-c-1.9.3-h01db608_0.tar.bz2#00f7669ad6ca0beedcde4c8eb01f5d63
https://conda.anaconda.org/conda-forge/linux-aarch64/make-4.3-h309ac5b_1.tar.bz2#0f876fc705b573cf9972bcbeb93864d9
https://conda.anaconda.org/conda-forge/linux-aarch64/ncurses-6.2-h7fd3ca4_4.tar.bz2#e63890523b6708f64d078f96d3a46375
https://conda.anaconda.org/conda-forge/linux-aarch64/openssl-1.1.1j-hf897c2e_0.tar.bz2#0b77d59a8849c53098239ee14271c81b
https://conda.anaconda.org/conda-forge/linux-aarch64/re2-2020.11.01-h7fd3ca4_0.tar.bz2#2b256f1ba0e1b6d8c8c1587c176432a7
https://conda.anaconda.org/conda-forge/linux-aarch64/snappy-1.1.8-he1b5a44_3.tar.bz2#b0e902dd98219a46014ae050f34d2603
https://conda.anaconda.org/conda-forge/linux-aarch64/xz-5.2.5-h6dd45c4_1.tar.bz2#9da6f161d0f47f8a29fa708cda8deda2
https://conda.anaconda.org/conda-forge/linux-aarch64/yaml-0.2.5-h516909a_0.tar.bz2#2f7b51117290b7e95d61e6ff9abd7a3a
https://conda.anaconda.org/conda-forge/linux-aarch64/zlib-1.2.11-h516909a_1009.tar.bz2#8f012adadf82e1440ff1249634fdf6b4
https://conda.anaconda.org/conda-forge/linux-aarch64/aws-c-cal-0.4.5-h0d152fc_6.tar.bz2#faf03a0b78c1b88056ded39c55ca6600
https://conda.anaconda.org/conda-forge/linux-aarch64/aws-checksums-0.1.11-h9d96b7c_1.tar.bz2#f112359c0f0bb5190617e84137168e39
https://conda.anaconda.org/conda-forge/linux-aarch64/glog-0.4.0-h0d63af8_3.tar.bz2#896525c241c0a0e21fec19cf0d1358b2
https://conda.anaconda.org/conda-forge/linux-aarch64/libblas-3.9.0-8_openblas.tar.bz2#70ebb347b8b2853f45cb117179cd750c
https://conda.anaconda.org/conda-forge/linux-aarch64/libedit-3.1.20191231-he28a2e2_2.tar.bz2#29371161d77933a54fccf1bb66b96529
https://conda.anaconda.org/conda-forge/linux-aarch64/libevent-2.1.10-hcdb4288_3.tar.bz2#006f617081ccd47859a39a5b3c32f032
https://conda.anaconda.org/conda-forge/linux-aarch64/libnghttp2-1.43.0-h097699d_0.tar.bz2#89f8d92dd644c254a0ecceeaf73b0f07
https://conda.anaconda.org/conda-forge/linux-aarch64/libprotobuf-3.15.1-hc71ff50_0.tar.bz2#e9f195ec5d4b66073ef802dd0bd7b4ed
https://conda.anaconda.org/conda-forge/linux-aarch64/libssh2-1.9.0-hab1572f_5.tar.bz2#b70778922ca4d840aa65706a647b448d
https://conda.anaconda.org/conda-forge/linux-aarch64/readline-8.0-h607064a_2.tar.bz2#140aafba4896d77ef3dce3f499255a60
https://conda.anaconda.org/conda-forge/linux-aarch64/s2n-0.10.26-h6aed413_0.tar.bz2#d308da2e251776dedd28402937aa3137
https://conda.anaconda.org/conda-forge/linux-aarch64/tk-8.6.10-he2b207e_1.tar.bz2#fd0a9280321a7e377cc010b25be3fbe9
https://conda.anaconda.org/conda-forge/linux-aarch64/zeromq-4.3.4-h01db608_0.tar.bz2#bda322e7faac5a3b42c7ac58c27a76ec
https://conda.anaconda.org/conda-forge/linux-aarch64/zstd-1.4.8-h41fb7a4_1.tar.bz2#379c40c1f02b85d7491e10e0d4ed2be1
https://conda.anaconda.org/conda-forge/linux-aarch64/aws-c-io-0.8.3-h9d96b7c_1.tar.bz2#6ae02cb72c386ba51a8e6f0ae7d1720c
https://conda.anaconda.org/conda-forge/linux-aarch64/grpc-cpp-1.35.0-h82492c4_1.tar.bz2#c7e3fb0c0522d9a130a34ffd46928fdb
https://conda.anaconda.org/conda-forge/linux-aarch64/krb5-1.17.2-he08ec14_0.tar.bz2#ba26446058113b097213ca43ee09bc48
https://conda.anaconda.org/conda-forge/linux-aarch64/libcblas-3.9.0-8_openblas.tar.bz2#baf373ec8fed1f313396c011f2fefc44
https://conda.anaconda.org/conda-forge/linux-aarch64/liblapack-3.9.0-8_openblas.tar.bz2#dce03e035fa549af8c18790c439a995e
https://conda.anaconda.org/conda-forge/linux-aarch64/libthrift-0.13.0-h9e17ec7_6.tar.bz2#c25223b61bdbc8e15018914ade317e95
https://conda.anaconda.org/conda-forge/linux-aarch64/orc-1.6.7-hef0c196_1.tar.bz2#358b5c51826fc0c444819fa57e7f3375
https://conda.anaconda.org/conda-forge/linux-aarch64/sqlite-3.34.0-h43e6a2a_0.tar.bz2#327558c7faed1bd6ae02d6965457d0f8
https://conda.anaconda.org/conda-forge/linux-aarch64/aws-c-event-stream-0.2.6-h0c7c531_4.tar.bz2#0af61204eecaf0e3133b8eeb45e117c7
https://conda.anaconda.org/conda-forge/linux-aarch64/libcurl-7.71.1-hcdd3856_8.tar.bz2#02c528cf3999da407527963e8305b55a
https://conda.anaconda.org/conda-forge/linux-aarch64/python-3.9.2-h3bd6a85_0_cpython.tar.bz2#46c5966b7c6bc88705ac194780072368
https://conda.anaconda.org/conda-forge/noarch/appdirs-1.4.4-pyh9f0ad1d_0.tar.bz2#5f095bc6454094e96f146491fd03633b
https://conda.anaconda.org/conda-forge/noarch/async_generator-1.10-py_0.tar.bz2#d56c596e61b1c4952acf0a9920856c12
https://conda.anaconda.org/conda-forge/noarch/attrs-20.3.0-pyhd3deb0d_0.tar.bz2#5b319abb055eefcfa344bc21378ca23f
https://conda.anaconda.org/conda-forge/linux-aarch64/aws-sdk-cpp-1.8.138-h55ce3c3_1.tar.bz2#355c81273b667b7150170ef2134469f8
https://conda.anaconda.org/conda-forge/noarch/backcall-0.2.0-pyh9f0ad1d_0.tar.bz2#6006a6d08a3fa99268a2681c7fb55213
https://conda.anaconda.org/conda-forge/noarch/backports-1.0-py_2.tar.bz2#0da16b293affa6ac31812376f8eb79dd
https://conda.anaconda.org/conda-forge/noarch/click-7.1.2-pyh9f0ad1d_0.tar.bz2#bd50a970ce07e660c319fdc4d730d3f1
https://conda.anaconda.org/conda-forge/noarch/curio-1.4-py_0.tar.bz2#0ae31c9136d78e5a3fa3cf5772e4f11a
https://conda.anaconda.org/conda-forge/noarch/dataclasses-0.7-pyhb2cacf7_7.tar.bz2#3c9869f82e8f246c3f26e91da684597e
https://conda.anaconda.org/conda-forge/noarch/decorator-4.4.2-py_0.tar.bz2#d2eabb9cabd212e1ec6a9463bd846243
https://conda.anaconda.org/conda-forge/noarch/defusedxml-0.6.0-py_0.tar.bz2#37e1033daee0e2edaa5ff42584c52b21
https://conda.anaconda.org/conda-forge/noarch/distlib-0.3.1-pyh9f0ad1d_0.tar.bz2#db990401a267e2b15854af5f3f84f763
https://conda.anaconda.org/conda-forge/noarch/filelock-3.0.12-pyh9f0ad1d_0.tar.bz2#7544ed05bbbe9bb687bc9bcbe4d6cb46
https://conda.anaconda.org/conda-forge/noarch/h11-0.12.0-pyhd8ed1ab_0.tar.bz2#a8c3c313e5339029946b66070cf24b39
https://conda.anaconda.org/conda-forge/noarch/idna-2.10-pyh9f0ad1d_0.tar.bz2#f95a12b4f435aae6680fe55ae2eb1b06
https://conda.anaconda.org/conda-forge/noarch/ipython_genutils-0.2.0-py_1.tar.bz2#5071c982548b3a20caf70462f04f5287
https://conda.anaconda.org/conda-forge/noarch/json5-0.9.5-pyh9f0ad1d_0.tar.bz2#10759827a94e6b14996e81fb002c0bda
https://conda.anaconda.org/conda-forge/noarch/nest-asyncio-1.4.3-pyhd8ed1ab_0.tar.bz2#a1f2fda4d88c624810bf2029aa4c0827
https://conda.anaconda.org/conda-forge/noarch/pandocfilters-1.4.2-py_1.tar.bz2#ba6f4a308f1ea22abe1d72e72544af76
https://conda.anaconda.org/conda-forge/noarch/parso-0.8.1-pyhd8ed1ab_0.tar.bz2#8b0a19d867a59005c1ae631d61a12194
https://conda.anaconda.org/conda-forge/noarch/pathspec-0.8.1-pyhd3deb0d_0.tar.bz2#fcd2fbb062b55d14a77e664c89ee17a6
https://conda.anaconda.org/conda-forge/noarch/prometheus_client-0.9.0-pyhd3deb0d_0.tar.bz2#c7af95daf5bae22ead34151e0ab9d041
https://conda.anaconda.org/conda-forge/noarch/ptyprocess-0.7.0-pyhd3deb0d_0.tar.bz2#359eeb6536da0e687af562ed265ec263
https://conda.anaconda.org/conda-forge/noarch/pycparser-2.20-pyh9f0ad1d_2.tar.bz2#aa798d50ffd182a0f6f31478c7f434f6
https://conda.anaconda.org/conda-forge/noarch/pyparsing-2.4.7-pyh9f0ad1d_0.tar.bz2#626c4f20d5bf06dcec9cf2eaa31725c7
https://conda.anaconda.org/conda-forge/linux-aarch64/python_abi-3.9-1_cp39.tar.bz2#d50ce97d3f8c3be5d6335f4329435818
https://conda.anaconda.org/conda-forge/noarch/pytz-2021.1-pyhd8ed1ab_0.tar.bz2#3af2e9424d5eb0063824a3f9b850d411
https://conda.anaconda.org/conda-forge/noarch/send2trash-1.5.0-py_0.tar.bz2#c3779037a635e1150f1c53c28b875949
https://conda.anaconda.org/conda-forge/noarch/six-1.15.0-pyh9f0ad1d_0.tar.bz2#1eec421f0f1f39e579e44e4a5ce646a2
https://conda.anaconda.org/conda-forge/noarch/sortedcontainers-2.3.0-pyhd8ed1ab_0.tar.bz2#2f5b87cd0bdf1822b62e40909f471db4
https://conda.anaconda.org/conda-forge/noarch/starlette-base-0.13.6-py_0.tar.bz2#4048417a60cd022ce5c1badb0a2e11dd
https://conda.anaconda.org/conda-forge/noarch/testpath-0.4.4-py_0.tar.bz2#3b98fff4d5342bebde2ecaa314f796f9
https://conda.anaconda.org/conda-forge/noarch/threadpoolctl-2.1.0-pyh5ca1d4c_0.tar.bz2#9eb32b63458380aa3804de519b6e5749
https://conda.anaconda.org/conda-forge/noarch/toml-0.10.2-pyhd8ed1ab_0.tar.bz2#f832c45a477c78bebd107098db465095
https://conda.anaconda.org/conda-forge/noarch/typing_extensions-3.7.4.3-py_0.tar.bz2#12b96e382730541a4b332420227055ae
https://conda.anaconda.org/conda-forge/noarch/watchgod-0.6-py_0.tar.bz2#4499434e6002bd82fdd50a76ea2c7b2c
https://conda.anaconda.org/conda-forge/noarch/webencodings-0.5.1-py_1.tar.bz2#3563be4c5611a44210d9ba0c16113136
https://conda.anaconda.org/conda-forge/noarch/wheel-0.36.2-pyhd3deb0d_0.tar.bz2#768bfbe026426d0e76b377997d1f2b98
https://conda.anaconda.org/conda-forge/noarch/zipp-3.4.0-py_0.tar.bz2#0df927d2e46244cef8fd75d7ec2ba51c
https://conda.anaconda.org/conda-forge/noarch/babel-2.9.0-pyhd3deb0d_0.tar.bz2#1cb532c9a6fd4e56a9f0906b87c17b76
https://conda.anaconda.org/conda-forge/linux-aarch64/certifi-2020.12.5-py39ha65689a_1.tar.bz2#f7b1f6bf606cfe4f91802d436eda95d7
https://conda.anaconda.org/conda-forge/linux-aarch64/cffi-1.14.5-py39h460e462_0.tar.bz2#521cd8d73996951a6340928501128c5d
https://conda.anaconda.org/conda-forge/noarch/cfgv-3.2.0-py_0.tar.bz2#4972efcb3e2cbd3954b24a17266be25c
https://conda.anaconda.org/conda-forge/linux-aarch64/chardet-4.0.0-py39ha65689a_1.tar.bz2#119583311cf9c800172d45dcf3128ab8
https://conda.anaconda.org/conda-forge/linux-aarch64/editdistance-0.5.3-py39h99ab00b_3.tar.bz2#93b271554847220229ce5b91f9d79f7e
https://conda.anaconda.org/conda-forge/linux-aarch64/entrypoints-0.3-py39hde42818_1002.tar.bz2#f25936d93f529f40deae7b9a8eef880b
https://conda.anaconda.org/conda-forge/linux-aarch64/httptools-0.1.1-py39h14843e3_2.tar.bz2#a14c505f6fc640a8cb8344df9f6cabe4
https://conda.anaconda.org/conda-forge/linux-aarch64/importlib-metadata-3.4.0-py39ha65689a_0.tar.bz2#0a1a529a988adfed8e0f891bb09018ed
https://conda.anaconda.org/conda-forge/linux-aarch64/jedi-0.18.0-py39ha65689a_2.tar.bz2#300324b990f508753bad58b35cb81248
https://conda.anaconda.org/conda-forge/linux-aarch64/markupsafe-1.1.1-py39h91590af_2.tar.bz2#ee30d23f69dbc2a99501d300084ea54a
https://conda.anaconda.org/conda-forge/linux-aarch64/mistune-0.8.4-py39h14843e3_1003.tar.bz2#9bc894cec5d8808cc37965f9247c3715
https://conda.anaconda.org/conda-forge/linux-aarch64/mypy_extensions-0.4.3-py39ha65689a_3.tar.bz2#162d9ea372b71e32a99dc9795c63b70b
https://conda.anaconda.org/conda-forge/linux-aarch64/numpy-1.20.1-py39h43e3299_0.tar.bz2#56547db3abb87a05cca5ca87c464a15a
https://conda.anaconda.org/conda-forge/noarch/outcome-1.1.0-pyhd8ed1ab_0.tar.bz2#a6baaddfb9fb5aa6b53534b634cb69c9
https://conda.anaconda.org/conda-forge/noarch/packaging-20.9-pyh44b312d_0.tar.bz2#be69a38e912054a62dc82cc3c7711a64
https://conda.anaconda.org/conda-forge/noarch/pexpect-4.8.0-pyh9f0ad1d_2.tar.bz2#5909e7b978141dd80d28dbf9de627827
https://conda.anaconda.org/conda-forge/linux-aarch64/pickleshare-0.7.5-py39hde42818_1002.tar.bz2#3dbe2b400ba8f6e8c785516d9bacb6e1
https://conda.anaconda.org/conda-forge/linux-aarch64/pydantic-1.7.3-py39h14843e3_0.tar.bz2#0745a5af97ee287e4acddf2a935f9ceb
https://conda.anaconda.org/conda-forge/linux-aarch64/pyrsistent-0.17.3-py39h14843e3_2.tar.bz2#38e7904efa9babf993e9fcbe23d66d0b
https://conda.anaconda.org/conda-forge/linux-aarch64/pysocks-1.7.1-py39ha65689a_3.tar.bz2#85c04b1b9b3ee766a1369d196f3c3961
https://conda.anaconda.org/conda-forge/noarch/python-dateutil-2.8.1-py_0.tar.bz2#0d0150ed9c2d25817f5324108d3f7571
https://conda.anaconda.org/conda-forge/noarch/python-dotenv-0.15.0-pyhd8ed1ab_0.tar.bz2#699421f15243c4528c66568916466c08
https://conda.anaconda.org/conda-forge/linux-aarch64/pyyaml-5.4.1-py39h14843e3_0.tar.bz2#4e835b72c2327dc3bc9842e2d3ce9d44
https://conda.anaconda.org/conda-forge/linux-aarch64/pyzmq-22.0.3-py39h632fa44_0.tar.bz2#64e3674299f92f89d320b27852a57629
https://conda.anaconda.org/conda-forge/linux-aarch64/regex-2020.11.13-py39h14843e3_1.tar.bz2#4a13c197aa818e056a257a7228cc38cc
https://conda.anaconda.org/conda-forge/linux-aarch64/sniffio-1.2.0-py39ha65689a_1.tar.bz2#c4e1beae885c00bf85fd4f3da264c896
https://conda.anaconda.org/conda-forge/linux-aarch64/tornado-6.1-py39h14843e3_1.tar.bz2#2f782ddc9fb386fd31cdc652694cda42
https://conda.anaconda.org/conda-forge/noarch/traitlets-5.0.5-py_0.tar.bz2#99618ee9ab1323e40f231acdab92fe60
https://conda.anaconda.org/conda-forge/linux-aarch64/typed-ast-1.4.2-py39h14843e3_0.tar.bz2#407fff84d5df32c584755aff7d770b8f
https://conda.anaconda.org/conda-forge/linux-aarch64/uvloop-0.15.2-py39h14843e3_0.tar.bz2#4b39fc2439ed145c06943ed0e82dbb6b
https://conda.anaconda.org/conda-forge/linux-aarch64/virtualenv-20.4.2-py39ha65689a_0.tar.bz2#bdfb4676ffff59d189f146c98f43f693
https://conda.anaconda.org/conda-forge/linux-aarch64/websockets-8.1-py39h14843e3_3.tar.bz2#60ad796154c42713927086e3f0412283
https://conda.anaconda.org/conda-forge/linux-aarch64/argon2-cffi-20.1.0-py39h14843e3_2.tar.bz2#92a30bdcb4fadfb2df04572f599c6a57
https://conda.anaconda.org/conda-forge/linux-aarch64/arrow-cpp-3.0.0-py39h251a0d0_5_cpu.tar.bz2#fd8562c25ae2e9b740055341964587b5
https://conda.anaconda.org/conda-forge/noarch/black-20.8b1-py_1.tar.bz2#e555d6b71ec916c3dc4e6e3793cc9796
https://conda.anaconda.org/conda-forge/linux-aarch64/brotlipy-0.7.0-py39h91590af_1001.tar.bz2#fe0b8495b675fc2d4bfc15139776d104
https://conda.anaconda.org/conda-forge/linux-aarch64/cryptography-3.4.4-py39h659f20f_0.tar.bz2#d763c17ab14954bb0b98d3d6940f1e9d
https://conda.anaconda.org/conda-forge/noarch/fastapi-0.63.0-pyhd8ed1ab_0.tar.bz2#711d4fa5bc5de329873dc384a67ab984
https://conda.anaconda.org/conda-forge/noarch/identify-1.5.14-pyh44b312d_0.tar.bz2#56d02c1a5dbb32a00249ea2c6db264c4
https://conda.anaconda.org/conda-forge/noarch/importlib_metadata-3.4.0-hd8ed1ab_0.tar.bz2#6d962cade0658bb1040a3e994add14e0
https://conda.anaconda.org/conda-forge/linux-aarch64/jupyter_core-4.7.1-py39ha65689a_0.tar.bz2#6a207aec6421779d2fd36652cc8bf2c2
https://conda.anaconda.org/conda-forge/linux-aarch64/pandas-1.2.2-py39h7b4a2eb_0.tar.bz2#0081a89a1a150dbf02e1d0a4103d3b18
https://conda.anaconda.org/conda-forge/linux-aarch64/scipy-1.6.0-py39h5c7b0d2_0.tar.bz2#40589432ec63e23aac3ea4164253e26c
https://conda.anaconda.org/conda-forge/linux-aarch64/setuptools-49.6.0-py39ha65689a_3.tar.bz2#15b60d02c40bccdb14cd7ffbe08218dc
https://conda.anaconda.org/conda-forge/linux-aarch64/terminado-0.9.2-py39ha65689a_0.tar.bz2#67e3489cd6f933e21f238758fe0ec85d
https://conda.anaconda.org/conda-forge/linux-aarch64/trio-0.18.0-py39ha65689a_0.tar.bz2#1819e5af20fcdad8b26dec309debd115
https://conda.anaconda.org/conda-forge/linux-aarch64/uvicorn-0.13.4-py39ha65689a_0.tar.bz2#597c9bc7e7c728e67f074513cffbc42e
https://conda.anaconda.org/conda-forge/noarch/anyio-2.0.2-py_0.tar.bz2#83d2d8775ee1563fce04e9ca7f8da8c3
https://conda.anaconda.org/conda-forge/noarch/backports.functools_lru_cache-1.6.1-py_0.tar.bz2#d36df15eaef96549ce6231e3088fba54
https://conda.anaconda.org/conda-forge/noarch/bleach-3.3.0-pyh44b312d_0.tar.bz2#abf6b76c39358ca36ca706c46f054f2a
https://conda.anaconda.org/conda-forge/linux-aarch64/gunicorn-20.0.4-py39ha65689a_3.tar.bz2#146904136b9c280eb8582be7b22e341e
https://conda.anaconda.org/conda-forge/noarch/jinja2-2.11.3-pyh44b312d_0.tar.bz2#1d4c3605d85a3655b1595e0694138eb6
https://conda.anaconda.org/conda-forge/noarch/joblib-1.0.1-pyhd8ed1ab_0.tar.bz2#27d5ed1aaf2bbb5a0cc307a12d8e032f
https://conda.anaconda.org/conda-forge/noarch/jsonschema-3.2.0-py_2.tar.bz2#a17aa962de6145d08e1008cb37c20161
https://conda.anaconda.org/conda-forge/noarch/jupyter-packaging-0.7.12-pyhd8ed1ab_0.tar.bz2#ab2fd67d07b63afe5ea6db6c5f32b5fd
https://conda.anaconda.org/conda-forge/noarch/jupyter_client-6.1.11-pyhd8ed1ab_1.tar.bz2#0fcd80df6d4e0558754c39453ffa3110
https://conda.anaconda.org/conda-forge/noarch/nodeenv-1.5.0-pyh9f0ad1d_0.tar.bz2#59e109cb68807a14b71f3f973b93747b
https://conda.anaconda.org/conda-forge/noarch/parquet-cpp-1.5.1-2.tar.bz2#79a5f78c42817594ae016a7896521a97
https://conda.anaconda.org/conda-forge/noarch/pip-21.0.1-pyhd8ed1ab_0.tar.bz2#849477e10d78cbc283c78fd53bfbb567
https://conda.anaconda.org/conda-forge/noarch/pygments-2.8.0-pyhd8ed1ab_0.tar.bz2#226cd14ba0554ca2648fecd11090f473
https://conda.anaconda.org/conda-forge/noarch/pyopenssl-20.0.1-pyhd8ed1ab_0.tar.bz2#92371c25994d0f5d28a01c1fb75ebf86
https://conda.anaconda.org/conda-forge/noarch/setuptools-scm-5.0.1-pyhd3deb0d_0.tar.bz2#4a2aca8eb8f90c907a54154347acff61
https://conda.anaconda.org/conda-forge/noarch/jupyterlab_pygments-0.1.2-pyh9f0ad1d_0.tar.bz2#2cbd910890bb328e8959246a1e16fac7
https://conda.anaconda.org/conda-forge/noarch/nbformat-5.1.2-pyhd8ed1ab_1.tar.bz2#9633dbb668ac1f9266427672816899dc
https://conda.anaconda.org/conda-forge/linux-aarch64/pre-commit-2.10.1-py39ha65689a_0.tar.bz2#ea58343eae668e35372d5c004d2a1792
https://conda.anaconda.org/conda-forge/linux-aarch64/pyarrow-3.0.0-py39h17e0092_5_cpu.tar.bz2#7eb8874f1d183cee13be7da0fbb7c1cd
https://conda.anaconda.org/conda-forge/linux-aarch64/scikit-learn-0.24.1-py39h19ff0ee_0.tar.bz2#5339347c2080bd1028719a1311612715
https://conda.anaconda.org/conda-forge/noarch/setuptools_scm-5.0.1-hd8ed1ab_0.tar.bz2#a646405c41a50cf223e1e04a49e3b2b9
https://conda.anaconda.org/conda-forge/noarch/urllib3-1.26.3-pyhd8ed1ab_0.tar.bz2#25573e57774dd54cfa848e5dd44503ed
https://conda.anaconda.org/conda-forge/noarch/wcwidth-0.2.5-pyh9f0ad1d_2.tar.bz2#5266fcd697043c59621fda522b3d78ee
https://conda.anaconda.org/conda-forge/linux-aarch64/lightgbm-3.1.1-py39h99ab00b_0.tar.bz2#41b2b11eec3faa128d388c166f51d257
https://conda.anaconda.org/conda-forge/noarch/nbclient-0.5.2-pyhd8ed1ab_0.tar.bz2#06970c2047dd29a7d320b0a765f9b1e4
https://conda.anaconda.org/conda-forge/noarch/prompt-toolkit-3.0.16-pyha770c72_0.tar.bz2#1a7cec3da4a94cd23d3de4155bff4941
https://conda.anaconda.org/conda-forge/noarch/requests-2.25.1-pyhd3deb0d_0.tar.bz2#ae687aba31a1c400192a86a2e993ffdc
https://conda.anaconda.org/conda-forge/linux-aarch64/ipython-7.20.0-py39hef158d4_2.tar.bz2#5d95bb9df1e65f9d0be59ee6c0701e88
https://conda.anaconda.org/conda-forge/linux-aarch64/nbconvert-6.0.7-py39ha65689a_3.tar.bz2#b49ad6ac04ae354f03c9decf87a207fb
https://conda.anaconda.org/conda-forge/linux-aarch64/ipykernel-5.5.0-py39hef158d4_1.tar.bz2#a5d8f53cbaba2da9a067dbb506a1c574
https://conda.anaconda.org/conda-forge/linux-aarch64/jupyter_server-1.4.1-py39ha65689a_0.tar.bz2#74e9c30ae420ce8e0f88296afe983a2b
https://conda.anaconda.org/conda-forge/noarch/nb_black-1.0.7-py_0.tar.bz2#f020a22aba0d6996603fdfe281471a00
https://conda.anaconda.org/conda-forge/noarch/jupyterlab_server-2.3.0-pyhd8ed1ab_0.tar.bz2#e1ab43655ba7ede6917e2daa37c7b217
https://conda.anaconda.org/conda-forge/linux-aarch64/notebook-6.2.0-py39ha65689a_0.tar.bz2#5d8203ff84100da2548b4d23daa1d05e
https://conda.anaconda.org/conda-forge/noarch/nbclassic-0.2.6-pyhd8ed1ab_0.tar.bz2#49be35e31b49012ea91fcd667ebdf4ad
https://conda.anaconda.org/conda-forge/noarch/jupyterlab-3.0.9-pyhd8ed1ab_0.tar.bz2#083a50575417a6148ce09133f6d4d63d
https://conda.anaconda.org/conda-forge/noarch/jupytext-1.10.2-pyh44b312d_0.tar.bz2#6e5537d03420997f83639c1a074172e7
https://conda.anaconda.org/conda-forge/noarch/markdown-it-py-0.6.2-pyhd8ed1ab_0.tar.bz2#61d712a472b02ccd3ba3f45383d373a3
https://conda.anaconda.org/conda-forge/noarch/mdit-py-plugins-0.2.5-pyhd8ed1ab_0.tar.bz2#8843c122b4f50190eb090853f54c9162
