# platform: osx-64
# env_hash: b7092236eb713c59306264bef200a6915c9b0d380fef0336561a6ea647239e1b
@EXPLICIT
https://conda.anaconda.org/conda-forge/osx-64/make-4.3-h22f3db7_1.tar.bz2#ac4a1dd58e6d821c518ae0011e8592b7
https://conda.anaconda.org/conda-forge/osx-64/aws-c-common-0.4.67-hbcf498f_0.tar.bz2#35f878aec7b87dd513e0bcafb2dff8ce
https://conda.anaconda.org/conda-forge/osx-64/bzip2-1.0.8-hc929b4f_4.tar.bz2#521b82c700a64bac7d8da27539422e91
https://conda.anaconda.org/conda-forge/osx-64/c-ares-1.17.1-hc929b4f_0.tar.bz2#24fc0b91a6eacc6753fef90514d67ce9
https://conda.anaconda.org/conda-forge/osx-64/ca-certificates-2020.12.5-h033912b_0.tar.bz2#4483d8ea13bd57b52e3539e741501a7d
https://conda.anaconda.org/conda-forge/osx-64/libcxx-11.0.1-habf9029_0.tar.bz2#51c221f12b7975d60dae27cd8280efac
https://conda.anaconda.org/conda-forge/osx-64/libev-4.33-haf1e3a3_1.tar.bz2#79dc2be110b2a3d1e97ec21f691c50ad
https://conda.anaconda.org/conda-forge/osx-64/libsodium-1.0.18-hbcb3906_1.tar.bz2#24632c09ed931af617fe6d5292919cab
https://conda.anaconda.org/conda-forge/osx-64/libutf8proc-2.6.1-h35c211d_0.tar.bz2#32c996bd8524fd71ba77c65242906850
https://conda.anaconda.org/conda-forge/osx-64/libuv-1.41.0-hbcf498f_0.tar.bz2#42903eadc4979eae8e9d2c6a1dc2e5e5
https://conda.anaconda.org/conda-forge/osx-64/llvm-openmp-11.0.1-h7c73e74_0.tar.bz2#86683a2ccd280574c0af1efb95b20aec
https://conda.anaconda.org/conda-forge/osx-64/ncurses-6.2-h2e338ed_4.tar.bz2#9cef1910395d1543527583e73dba30f1
https://conda.anaconda.org/conda-forge/osx-64/pandoc-2.11.4-h35c211d_0.tar.bz2#7d3282f19abe9745707987104954bbcb
https://conda.anaconda.org/conda-forge/noarch/tzdata-2021a-he74cb21_0.tar.bz2#6f36861f102249fc54861ff9343c3fdd
https://conda.anaconda.org/conda-forge/osx-64/xz-5.2.5-haf1e3a3_1.tar.bz2#41116deb499e9bc58048c297d6403ce6
https://conda.anaconda.org/conda-forge/osx-64/yaml-0.2.5-haf1e3a3_0.tar.bz2#84c2fc186995c25a43e86ed708065572
https://conda.anaconda.org/conda-forge/osx-64/zlib-1.2.11-h7795811_1010.tar.bz2#7d39e47e16ed0107f37c7224d5b5be8b
https://conda.anaconda.org/conda-forge/osx-64/abseil-cpp-20200923.3-h046ec9c_0.tar.bz2#c9d667383ed1fa2aaed84eaab23330ca
https://conda.anaconda.org/conda-forge/osx-64/aws-checksums-0.1.11-h339dee7_1.tar.bz2#6637d862e868983a82ced165fae59675
https://conda.anaconda.org/conda-forge/osx-64/brotli-1.0.9-h046ec9c_4.tar.bz2#f278d8e33a74fe98850d835a69be1a71
https://conda.anaconda.org/conda-forge/osx-64/gflags-2.2.2-hb1e8313_1004.tar.bz2#3f59cc77a929537e42120faf104e0d16
https://conda.anaconda.org/conda-forge/osx-64/libedit-3.1.20191231-hed1e85f_2.tar.bz2#779da5393199c3af97bd8f12c804b749
https://conda.anaconda.org/conda-forge/osx-64/libffi-3.3-h046ec9c_2.tar.bz2#c7a196accaf92d40985d5c9b4d14f9cb
https://conda.anaconda.org/conda-forge/osx-64/libgfortran5-9.3.0-h6c81a4c_18.tar.bz2#02383e6cf682ef893c6e1f7892a6865e
https://conda.anaconda.org/conda-forge/osx-64/libprotobuf-3.15.1-hfab91a5_0.tar.bz2#fc884b290fd8d62b707f3e418bbe491e
https://conda.anaconda.org/conda-forge/osx-64/lz4-c-1.9.3-h046ec9c_0.tar.bz2#7f13d69c1b7989b85029efb6f3e35af9
https://conda.anaconda.org/conda-forge/osx-64/openssl-1.1.1j-hbcf498f_0.tar.bz2#09a02162d159d2f7ebe8749ae6960667
https://conda.anaconda.org/conda-forge/osx-64/re2-2020.11.01-h2e338ed_0.tar.bz2#01e806b85528c85feada9c89d5d3ecdf
https://conda.anaconda.org/conda-forge/osx-64/readline-8.0-h0678c8f_2.tar.bz2#8f69d684fce8e73328995d7efb77816a
https://conda.anaconda.org/conda-forge/osx-64/snappy-1.1.8-hb1e8313_3.tar.bz2#73b65b3935375b56deb96f6794ed721e
https://conda.anaconda.org/conda-forge/osx-64/tk-8.6.10-hb0a8c7a_1.tar.bz2#f7477bf81dcfc7b4dddc7b3790a99a0c
https://conda.anaconda.org/conda-forge/osx-64/zeromq-4.3.4-h1c7c35f_0.tar.bz2#2af55e3523e9210b2b2dff5855fb5382
https://conda.anaconda.org/conda-forge/osx-64/aws-c-cal-0.4.5-hf7813a8_6.tar.bz2#a43eb070b7bacd34a4207516409d7d65
https://conda.anaconda.org/conda-forge/osx-64/glog-0.4.0-hb7f4fc5_3.tar.bz2#dac07be3e65f9ee58211b71d00eddfc0
https://conda.anaconda.org/conda-forge/osx-64/grpc-cpp-1.35.0-h7ffa9ba_1.tar.bz2#04d4c7081fe67aa5c0d0dcbe205d587e
https://conda.anaconda.org/conda-forge/osx-64/krb5-1.17.2-h60d9502_0.tar.bz2#abf2add2a1ade1920b25a8f3327a1aa0
https://conda.anaconda.org/conda-forge/osx-64/libevent-2.1.10-hddc9c9b_3.tar.bz2#a2605bae4dbbcd9e94fab89ed2c7455e
https://conda.anaconda.org/conda-forge/osx-64/libgfortran-5.0.0-9_3_0_h6c81a4c_18.tar.bz2#3eb238d3935324db974670ff07f97767
https://conda.anaconda.org/conda-forge/osx-64/libnghttp2-1.43.0-h07e645a_0.tar.bz2#b4a9c405d47f3b120ed6cf86cc8a13aa
https://conda.anaconda.org/conda-forge/osx-64/libssh2-1.9.0-h39bdce6_5.tar.bz2#476b4daa896469326286db3a37e23190
https://conda.anaconda.org/conda-forge/osx-64/sqlite-3.34.0-h17101e1_0.tar.bz2#9e9694f119bb1a2362a0cc0249651835
https://conda.anaconda.org/conda-forge/osx-64/zstd-1.4.8-hf387650_1.tar.bz2#c17f2ece6445e21c290df2f9a0f1f94d
https://conda.anaconda.org/conda-forge/osx-64/aws-c-io-0.8.3-h339dee7_1.tar.bz2#9deda00f0a3c5a76cd97317bd8325aae
https://conda.anaconda.org/conda-forge/osx-64/libcurl-7.71.1-h9bf37e3_8.tar.bz2#1a136204085b4c620fe2ed74fb1112bf
https://conda.anaconda.org/conda-forge/osx-64/libopenblas-0.3.12-openmp_h54245bb_1.tar.bz2#ecaffce11312c27c18ad35e65095fecc
https://conda.anaconda.org/conda-forge/osx-64/libthrift-0.13.0-h8459986_6.tar.bz2#b1ad4545e79ac1e349b2bbd87c0b6dd1
https://conda.anaconda.org/conda-forge/osx-64/orc-1.6.7-hb8e0f11_1.tar.bz2#a1e93c4ba1c0407c788f1eeea0bab0b8
https://conda.anaconda.org/conda-forge/osx-64/python-3.9.2-h2502468_0_cpython.tar.bz2#57dbdb212b9437aed31875d015885bee
https://conda.anaconda.org/conda-forge/noarch/appdirs-1.4.4-pyh9f0ad1d_0.tar.bz2#5f095bc6454094e96f146491fd03633b
https://conda.anaconda.org/conda-forge/noarch/async_generator-1.10-py_0.tar.bz2#d56c596e61b1c4952acf0a9920856c12
https://conda.anaconda.org/conda-forge/noarch/attrs-20.3.0-pyhd3deb0d_0.tar.bz2#5b319abb055eefcfa344bc21378ca23f
https://conda.anaconda.org/conda-forge/osx-64/aws-c-event-stream-0.2.6-h8218164_4.tar.bz2#4f32ab20f0c73445db6b73c28e0d829d
https://conda.anaconda.org/conda-forge/noarch/backcall-0.2.0-pyh9f0ad1d_0.tar.bz2#6006a6d08a3fa99268a2681c7fb55213
https://conda.anaconda.org/conda-forge/noarch/backports-1.0-py_2.tar.bz2#0da16b293affa6ac31812376f8eb79dd
https://conda.anaconda.org/conda-forge/noarch/click-7.1.2-pyh9f0ad1d_0.tar.bz2#bd50a970ce07e660c319fdc4d730d3f1
https://conda.anaconda.org/conda-forge/noarch/dataclasses-0.7-pyhb2cacf7_7.tar.bz2#3c9869f82e8f246c3f26e91da684597e
https://conda.anaconda.org/conda-forge/noarch/decorator-4.4.2-py_0.tar.bz2#d2eabb9cabd212e1ec6a9463bd846243
https://conda.anaconda.org/conda-forge/noarch/defusedxml-0.6.0-py_0.tar.bz2#37e1033daee0e2edaa5ff42584c52b21
https://conda.anaconda.org/conda-forge/noarch/distlib-0.3.1-pyh9f0ad1d_0.tar.bz2#db990401a267e2b15854af5f3f84f763
https://conda.anaconda.org/conda-forge/noarch/filelock-3.0.12-pyh9f0ad1d_0.tar.bz2#7544ed05bbbe9bb687bc9bcbe4d6cb46
https://conda.anaconda.org/conda-forge/noarch/h11-0.12.0-pyhd8ed1ab_0.tar.bz2#a8c3c313e5339029946b66070cf24b39
https://conda.anaconda.org/conda-forge/noarch/idna-2.10-pyh9f0ad1d_0.tar.bz2#f95a12b4f435aae6680fe55ae2eb1b06
https://conda.anaconda.org/conda-forge/noarch/ipython_genutils-0.2.0-py_1.tar.bz2#5071c982548b3a20caf70462f04f5287
https://conda.anaconda.org/conda-forge/noarch/json5-0.9.5-pyh9f0ad1d_0.tar.bz2#10759827a94e6b14996e81fb002c0bda
https://conda.anaconda.org/conda-forge/osx-64/libblas-3.9.0-8_openblas.tar.bz2#054ee8e709d3d9c2678a3c8bda034896
https://conda.anaconda.org/conda-forge/noarch/nest-asyncio-1.4.3-pyhd8ed1ab_0.tar.bz2#a1f2fda4d88c624810bf2029aa4c0827
https://conda.anaconda.org/conda-forge/noarch/pandocfilters-1.4.2-py_1.tar.bz2#ba6f4a308f1ea22abe1d72e72544af76
https://conda.anaconda.org/conda-forge/noarch/parso-0.8.1-pyhd8ed1ab_0.tar.bz2#8b0a19d867a59005c1ae631d61a12194
https://conda.anaconda.org/conda-forge/noarch/pathspec-0.8.1-pyhd3deb0d_0.tar.bz2#fcd2fbb062b55d14a77e664c89ee17a6
https://conda.anaconda.org/conda-forge/noarch/prometheus_client-0.9.0-pyhd3deb0d_0.tar.bz2#c7af95daf5bae22ead34151e0ab9d041
https://conda.anaconda.org/conda-forge/noarch/ptyprocess-0.7.0-pyhd3deb0d_0.tar.bz2#359eeb6536da0e687af562ed265ec263
https://conda.anaconda.org/conda-forge/noarch/pycparser-2.20-pyh9f0ad1d_2.tar.bz2#aa798d50ffd182a0f6f31478c7f434f6
https://conda.anaconda.org/conda-forge/noarch/pyparsing-2.4.7-pyh9f0ad1d_0.tar.bz2#626c4f20d5bf06dcec9cf2eaa31725c7
https://conda.anaconda.org/conda-forge/osx-64/python_abi-3.9-1_cp39.tar.bz2#538aaaaa7300d8cefba993d78a390592
https://conda.anaconda.org/conda-forge/noarch/pytz-2021.1-pyhd8ed1ab_0.tar.bz2#3af2e9424d5eb0063824a3f9b850d411
https://conda.anaconda.org/conda-forge/noarch/send2trash-1.5.0-py_0.tar.bz2#c3779037a635e1150f1c53c28b875949
https://conda.anaconda.org/conda-forge/noarch/six-1.15.0-pyh9f0ad1d_0.tar.bz2#1eec421f0f1f39e579e44e4a5ce646a2
https://conda.anaconda.org/conda-forge/noarch/starlette-base-0.13.6-py_0.tar.bz2#4048417a60cd022ce5c1badb0a2e11dd
https://conda.anaconda.org/conda-forge/noarch/testpath-0.4.4-py_0.tar.bz2#3b98fff4d5342bebde2ecaa314f796f9
https://conda.anaconda.org/conda-forge/noarch/threadpoolctl-2.1.0-pyh5ca1d4c_0.tar.bz2#9eb32b63458380aa3804de519b6e5749
https://conda.anaconda.org/conda-forge/noarch/toml-0.10.2-pyhd8ed1ab_0.tar.bz2#f832c45a477c78bebd107098db465095
https://conda.anaconda.org/conda-forge/noarch/typing_extensions-3.7.4.3-py_0.tar.bz2#12b96e382730541a4b332420227055ae
https://conda.anaconda.org/conda-forge/noarch/watchgod-0.6-py_0.tar.bz2#4499434e6002bd82fdd50a76ea2c7b2c
https://conda.anaconda.org/conda-forge/noarch/webencodings-0.5.1-py_1.tar.bz2#3563be4c5611a44210d9ba0c16113136
https://conda.anaconda.org/conda-forge/noarch/wheel-0.36.2-pyhd3deb0d_0.tar.bz2#768bfbe026426d0e76b377997d1f2b98
https://conda.anaconda.org/conda-forge/noarch/zipp-3.4.0-py_0.tar.bz2#0df927d2e46244cef8fd75d7ec2ba51c
https://conda.anaconda.org/conda-forge/osx-64/appnope-0.1.2-py39h6e9494a_1.tar.bz2#d9b6464e55c4d9a7757c6294b8673400
https://conda.anaconda.org/conda-forge/osx-64/aws-sdk-cpp-1.8.138-h5307d9a_1.tar.bz2#ce2aa4e476facf4390f8f5eea52a8198
https://conda.anaconda.org/conda-forge/noarch/babel-2.9.0-pyhd3deb0d_0.tar.bz2#1cb532c9a6fd4e56a9f0906b87c17b76
https://conda.anaconda.org/conda-forge/osx-64/certifi-2020.12.5-py39h6e9494a_1.tar.bz2#c678a84c6d59bcd97462b666e288b870
https://conda.anaconda.org/conda-forge/osx-64/cffi-1.14.5-py39h319c39b_0.tar.bz2#b0a3dd59564481b695c7d9caa536689d
https://conda.anaconda.org/conda-forge/noarch/cfgv-3.2.0-py_0.tar.bz2#4972efcb3e2cbd3954b24a17266be25c
https://conda.anaconda.org/conda-forge/osx-64/chardet-4.0.0-py39h6e9494a_1.tar.bz2#f514d534fca0f9876720954703250c88
https://conda.anaconda.org/conda-forge/osx-64/editdistance-0.5.3-py39h81cd7d3_3.tar.bz2#b8a2e26fbb22a996fc528e240cbde80a
https://conda.anaconda.org/conda-forge/osx-64/entrypoints-0.3-py39hde42818_1002.tar.bz2#fb8afe91904c7e3544dab6801b23436e
https://conda.anaconda.org/conda-forge/osx-64/httptools-0.1.1-py39hcbf5805_2.tar.bz2#ad4ebcffb10bb73616663115d0516be0
https://conda.anaconda.org/conda-forge/osx-64/importlib-metadata-3.4.0-py39h6e9494a_0.tar.bz2#68e70d822fb70fd1bd5aba8f3586d138
https://conda.anaconda.org/conda-forge/osx-64/jedi-0.18.0-py39h6e9494a_2.tar.bz2#e744e49642242ea6ab59b56d11df9466
https://conda.anaconda.org/conda-forge/osx-64/libcblas-3.9.0-8_openblas.tar.bz2#67acafbc05ce608462a59740ef546b52
https://conda.anaconda.org/conda-forge/osx-64/liblapack-3.9.0-8_openblas.tar.bz2#f20c01455d69b8a613bb92cd4544b553
https://conda.anaconda.org/conda-forge/osx-64/markupsafe-1.1.1-py39hcbf5805_3.tar.bz2#61c917431de9a4f98044c1e97b167995
https://conda.anaconda.org/conda-forge/osx-64/mistune-0.8.4-py39hcbf5805_1003.tar.bz2#ae2b02f1628d47de9dd7f0e921ba0857
https://conda.anaconda.org/conda-forge/osx-64/mypy_extensions-0.4.3-py39h6e9494a_3.tar.bz2#1161cfe7292bbab7f63f1271a2696753
https://conda.anaconda.org/conda-forge/noarch/packaging-20.9-pyh44b312d_0.tar.bz2#be69a38e912054a62dc82cc3c7711a64
https://conda.anaconda.org/conda-forge/noarch/pexpect-4.8.0-pyh9f0ad1d_2.tar.bz2#5909e7b978141dd80d28dbf9de627827
https://conda.anaconda.org/conda-forge/osx-64/pickleshare-0.7.5-py39hde42818_1002.tar.bz2#ea16ea8f9953518f231b76ca97acea9a
https://conda.anaconda.org/conda-forge/osx-64/pydantic-1.7.3-py39h4059872_0.tar.bz2#98e42704d06b5dac37dccd74e74258c3
https://conda.anaconda.org/conda-forge/osx-64/pyrsistent-0.17.3-py39hcbf5805_2.tar.bz2#29e423536721a334a225c86627575302
https://conda.anaconda.org/conda-forge/osx-64/pysocks-1.7.1-py39h6e9494a_3.tar.bz2#9badaee0fe9f61aa4794987f88e543fe
https://conda.anaconda.org/conda-forge/noarch/python-dateutil-2.8.1-py_0.tar.bz2#0d0150ed9c2d25817f5324108d3f7571
https://conda.anaconda.org/conda-forge/noarch/python-dotenv-0.15.0-pyhd8ed1ab_0.tar.bz2#699421f15243c4528c66568916466c08
https://conda.anaconda.org/conda-forge/osx-64/pyyaml-5.4.1-py39hcbf5805_0.tar.bz2#16125bf06cd4bb0749f109f1451d7ed4
https://conda.anaconda.org/conda-forge/osx-64/pyzmq-22.0.3-py39h4c39a0a_0.tar.bz2#4c6eda583013d6b0bcbf0038ce398c26
https://conda.anaconda.org/conda-forge/osx-64/regex-2020.11.13-py39hcbf5805_1.tar.bz2#d40a804b7e11a3042ae7b6c5834e742b
https://conda.anaconda.org/conda-forge/osx-64/sniffio-1.2.0-py39h6e9494a_1.tar.bz2#87b5527d122577e0f35273a6c35acb3c
https://conda.anaconda.org/conda-forge/osx-64/tornado-6.1-py39hcbf5805_1.tar.bz2#0cf5e7624c99a7bdb806ed665eac145a
https://conda.anaconda.org/conda-forge/noarch/traitlets-5.0.5-py_0.tar.bz2#99618ee9ab1323e40f231acdab92fe60
https://conda.anaconda.org/conda-forge/osx-64/typed-ast-1.4.2-py39hcbf5805_0.tar.bz2#1989e66c1b1060ee43091aef2ec707cc
https://conda.anaconda.org/conda-forge/osx-64/uvloop-0.15.2-py39h4b0b724_0.tar.bz2#369e8263fcd39cea8f8d4c393c4913dc
https://conda.anaconda.org/conda-forge/osx-64/virtualenv-20.4.2-py39h6e9494a_0.tar.bz2#59ba4058ebc3d75edf12fe5f8650fb99
https://conda.anaconda.org/conda-forge/osx-64/websockets-8.1-py39hcbf5805_3.tar.bz2#571f8d26e961692c34a800b0a8fd50b1
https://conda.anaconda.org/conda-forge/osx-64/anyio-2.1.0-py39h6e9494a_0.tar.bz2#89cb7767030c33889aa7c6276bab262b
https://conda.anaconda.org/conda-forge/osx-64/argon2-cffi-20.1.0-py39hcbf5805_2.tar.bz2#1106a80ffb76cbedbe50ea94f320ba3b
https://conda.anaconda.org/conda-forge/noarch/black-20.8b1-py_1.tar.bz2#e555d6b71ec916c3dc4e6e3793cc9796
https://conda.anaconda.org/conda-forge/osx-64/brotlipy-0.7.0-py39hcbf5805_1001.tar.bz2#24ceea6c1d2bd117e13d3830a065f843
https://conda.anaconda.org/conda-forge/osx-64/cryptography-3.4.4-py39h36ea649_0.tar.bz2#e31285866be339773cc6d796eee60783
https://conda.anaconda.org/conda-forge/noarch/fastapi-0.63.0-pyhd8ed1ab_0.tar.bz2#711d4fa5bc5de329873dc384a67ab984
https://conda.anaconda.org/conda-forge/noarch/identify-1.5.14-pyh44b312d_0.tar.bz2#56d02c1a5dbb32a00249ea2c6db264c4
https://conda.anaconda.org/conda-forge/noarch/importlib_metadata-3.4.0-hd8ed1ab_0.tar.bz2#6d962cade0658bb1040a3e994add14e0
https://conda.anaconda.org/conda-forge/osx-64/jupyter_core-4.7.1-py39h6e9494a_0.tar.bz2#a8ffa3668c29198baa6a6d42cce93f81
https://conda.anaconda.org/conda-forge/osx-64/numpy-1.20.1-py39h3c955ea_0.tar.bz2#77642f8fed75d4a7788c747c523bc84a
https://conda.anaconda.org/conda-forge/osx-64/setuptools-49.6.0-py39h6e9494a_3.tar.bz2#f4f757b28d82aae4f8c7f5aac5c9e477
https://conda.anaconda.org/conda-forge/osx-64/terminado-0.9.2-py39h6e9494a_0.tar.bz2#a1a55663672d10836ab57a8d3155c5d1
https://conda.anaconda.org/conda-forge/osx-64/uvicorn-0.13.4-py39h6e9494a_0.tar.bz2#da78a472034c8eaa3eeebdf713c6da81
https://conda.anaconda.org/conda-forge/osx-64/arrow-cpp-3.0.0-py39hcc89db6_5_cpu.tar.bz2#e0c967192517104c1d55ba4795d9ab92
https://conda.anaconda.org/conda-forge/noarch/backports.functools_lru_cache-1.6.1-py_0.tar.bz2#d36df15eaef96549ce6231e3088fba54
https://conda.anaconda.org/conda-forge/noarch/bleach-3.3.0-pyh44b312d_0.tar.bz2#abf6b76c39358ca36ca706c46f054f2a
https://conda.anaconda.org/conda-forge/osx-64/gunicorn-20.0.4-py39h6e9494a_3.tar.bz2#1d2a93a6df8e55b2c2452db842b66b54
https://conda.anaconda.org/conda-forge/noarch/jinja2-2.11.3-pyh44b312d_0.tar.bz2#1d4c3605d85a3655b1595e0694138eb6
https://conda.anaconda.org/conda-forge/noarch/joblib-1.0.1-pyhd8ed1ab_0.tar.bz2#27d5ed1aaf2bbb5a0cc307a12d8e032f
https://conda.anaconda.org/conda-forge/noarch/jsonschema-3.2.0-py_2.tar.bz2#a17aa962de6145d08e1008cb37c20161
https://conda.anaconda.org/conda-forge/noarch/jupyter-packaging-0.7.12-pyhd8ed1ab_0.tar.bz2#ab2fd67d07b63afe5ea6db6c5f32b5fd
https://conda.anaconda.org/conda-forge/noarch/jupyter_client-6.1.11-pyhd8ed1ab_1.tar.bz2#0fcd80df6d4e0558754c39453ffa3110
https://conda.anaconda.org/conda-forge/noarch/nodeenv-1.5.0-pyh9f0ad1d_0.tar.bz2#59e109cb68807a14b71f3f973b93747b
https://conda.anaconda.org/conda-forge/osx-64/pandas-1.2.2-py39ha3b3222_0.tar.bz2#50a18673b63d411b9c8e99c866dfef41
https://conda.anaconda.org/conda-forge/noarch/pip-21.0.1-pyhd8ed1ab_0.tar.bz2#849477e10d78cbc283c78fd53bfbb567
https://conda.anaconda.org/conda-forge/noarch/pygments-2.8.0-pyhd8ed1ab_0.tar.bz2#226cd14ba0554ca2648fecd11090f473
https://conda.anaconda.org/conda-forge/noarch/pyopenssl-20.0.1-pyhd8ed1ab_0.tar.bz2#92371c25994d0f5d28a01c1fb75ebf86
https://conda.anaconda.org/conda-forge/osx-64/scipy-1.6.0-py39hed629a4_0.tar.bz2#65e2ef913edd148220471844e0023c89
https://conda.anaconda.org/conda-forge/noarch/setuptools-scm-5.0.1-pyhd3deb0d_0.tar.bz2#4a2aca8eb8f90c907a54154347acff61
https://conda.anaconda.org/conda-forge/noarch/jupyterlab_pygments-0.1.2-pyh9f0ad1d_0.tar.bz2#2cbd910890bb328e8959246a1e16fac7
https://conda.anaconda.org/conda-forge/noarch/nbformat-5.1.2-pyhd8ed1ab_1.tar.bz2#9633dbb668ac1f9266427672816899dc
https://conda.anaconda.org/conda-forge/osx-64/parquet-cpp-1.5.1-1.tar.bz2#cb0f604c9add56442f6cfdc76f1fec24
https://conda.anaconda.org/conda-forge/osx-64/pre-commit-2.10.1-py39h6e9494a_0.tar.bz2#2f9c82948bae3f82df8e52d4d7bd03c7
https://conda.anaconda.org/conda-forge/osx-64/scikit-learn-0.24.1-py39h1f17f7f_0.tar.bz2#dcaf8581c98abccce76d21b1a652653e
https://conda.anaconda.org/conda-forge/noarch/setuptools_scm-5.0.1-hd8ed1ab_0.tar.bz2#a646405c41a50cf223e1e04a49e3b2b9
https://conda.anaconda.org/conda-forge/noarch/urllib3-1.26.3-pyhd8ed1ab_0.tar.bz2#25573e57774dd54cfa848e5dd44503ed
https://conda.anaconda.org/conda-forge/noarch/wcwidth-0.2.5-pyh9f0ad1d_2.tar.bz2#5266fcd697043c59621fda522b3d78ee
https://conda.anaconda.org/conda-forge/osx-64/lightgbm-3.1.1-py39h219cf5c_0.tar.bz2#dd89f725e0202fdd93e30614443aeded
https://conda.anaconda.org/conda-forge/noarch/nbclient-0.5.2-pyhd8ed1ab_0.tar.bz2#06970c2047dd29a7d320b0a765f9b1e4
https://conda.anaconda.org/conda-forge/noarch/prompt-toolkit-3.0.16-pyha770c72_0.tar.bz2#1a7cec3da4a94cd23d3de4155bff4941
https://conda.anaconda.org/conda-forge/osx-64/pyarrow-3.0.0-py39ha6350d3_5_cpu.tar.bz2#a099b59079c992df4e74ef77ad3217df
https://conda.anaconda.org/conda-forge/noarch/requests-2.25.1-pyhd3deb0d_0.tar.bz2#ae687aba31a1c400192a86a2e993ffdc
https://conda.anaconda.org/conda-forge/osx-64/ipython-7.20.0-py39h71a6800_2.tar.bz2#912e20f8e0e3128a17367d0e6a2b7470
https://conda.anaconda.org/conda-forge/osx-64/nbconvert-6.0.7-py39h6e9494a_3.tar.bz2#14a4ff0e0403281a570d7dcd86b4c630
https://conda.anaconda.org/conda-forge/osx-64/ipykernel-5.5.0-py39h71a6800_1.tar.bz2#fbf8de98d646a6243e32cceea49e9f71
https://conda.anaconda.org/conda-forge/osx-64/jupyter_server-1.4.1-py39h6e9494a_0.tar.bz2#96e795210a9af4659e3d5f4ceaff6b4a
https://conda.anaconda.org/conda-forge/noarch/nb_black-1.0.7-py_0.tar.bz2#f020a22aba0d6996603fdfe281471a00
https://conda.anaconda.org/conda-forge/noarch/jupyterlab_server-2.3.0-pyhd8ed1ab_0.tar.bz2#e1ab43655ba7ede6917e2daa37c7b217
https://conda.anaconda.org/conda-forge/osx-64/notebook-6.2.0-py39h6e9494a_0.tar.bz2#5eadf7b3b135016f116498b8c0b09427
https://conda.anaconda.org/conda-forge/noarch/nbclassic-0.2.6-pyhd8ed1ab_0.tar.bz2#49be35e31b49012ea91fcd667ebdf4ad
https://conda.anaconda.org/conda-forge/noarch/jupyterlab-3.0.9-pyhd8ed1ab_0.tar.bz2#083a50575417a6148ce09133f6d4d63d
https://conda.anaconda.org/conda-forge/noarch/jupytext-1.10.2-pyh44b312d_0.tar.bz2#6e5537d03420997f83639c1a074172e7
https://conda.anaconda.org/conda-forge/noarch/markdown-it-py-0.6.2-pyhd8ed1ab_0.tar.bz2#61d712a472b02ccd3ba3f45383d373a3
https://conda.anaconda.org/conda-forge/noarch/mdit-py-plugins-0.2.5-pyhd8ed1ab_0.tar.bz2#8843c122b4f50190eb090853f54c9162
