# platform: linux-64
# env_hash: 1cb9bef43c56a5bbe4fdc165a936fb737e37458d8f9eadd38dc38e4c95c06783
@EXPLICIT
https://conda.anaconda.org/conda-forge/linux-64/_libgcc_mutex-0.1-conda_forge.tar.bz2#d7c89558ba9fa0495403155b64376d81
https://conda.anaconda.org/conda-forge/linux-64/ca-certificates-2020.12.5-ha878542_0.tar.bz2#7eb5d4ffeee663caa1635cd67071bc1b
https://conda.anaconda.org/conda-forge/linux-64/ld_impl_linux-64-2.35.1-hea4e1c9_2.tar.bz2#83610dba766a186bdc7a116053b782a4
https://conda.anaconda.org/conda-forge/linux-64/libgfortran5-9.3.0-hff62375_18.tar.bz2#86a1cade1bc2b99a6419ba980f730bff
https://conda.anaconda.org/conda-forge/linux-64/libstdcxx-ng-9.3.0-h6de172a_18.tar.bz2#2f03cd1e5c966d4af5822c7ae089ab03
https://conda.anaconda.org/conda-forge/linux-64/pandoc-2.11.4-h7f98852_0.tar.bz2#1c827fa4db40e5e92c2619ba8fe30500
https://conda.anaconda.org/conda-forge/noarch/tzdata-2021a-he74cb21_0.tar.bz2#6f36861f102249fc54861ff9343c3fdd
https://conda.anaconda.org/conda-forge/linux-64/libgfortran-ng-9.3.0-hff62375_18.tar.bz2#db417845fae12a62b6720f09f51ab6a7
https://conda.anaconda.org/conda-forge/linux-64/libgomp-9.3.0-h2828fa1_18.tar.bz2#fc7a2a7e6a741c8afdd764715ac7039d
https://conda.anaconda.org/conda-forge/linux-64/_openmp_mutex-4.5-1_gnu.tar.bz2#561e277319a41d4f24f5c05a9ef63c04
https://conda.anaconda.org/conda-forge/linux-64/libgcc-ng-9.3.0-h2828fa1_18.tar.bz2#5a9490c49a3505a6d19bda012cde6ad3
https://conda.anaconda.org/conda-forge/linux-64/abseil-cpp-20200923.3-h9c3ff4c_0.tar.bz2#0e1b3fb4538588a2b384239f1d8d406c
https://conda.anaconda.org/conda-forge/linux-64/aws-c-common-0.4.67-h7f98852_0.tar.bz2#b7bba353cd20f72096ae446640084e13
https://conda.anaconda.org/conda-forge/linux-64/brotli-1.0.9-h9c3ff4c_4.tar.bz2#f4f75dc7038aaeb6eaae16a5ef5350b3
https://conda.anaconda.org/conda-forge/linux-64/bzip2-1.0.8-h7f98852_4.tar.bz2#a1fd65c7ccbf10880423d82bca54eb54
https://conda.anaconda.org/conda-forge/linux-64/c-ares-1.17.1-h36c2ea0_0.tar.bz2#1aa683618a2df66800d568409d6841d1
https://conda.anaconda.org/conda-forge/linux-64/gflags-2.2.2-he1b5a44_1004.tar.bz2#cddaf2c63ea4a5901cf09524c490ecdc
https://conda.anaconda.org/conda-forge/linux-64/libev-4.33-h516909a_1.tar.bz2#6f8720dff19e17ce5d48cfe7f3d2f0a3
https://conda.anaconda.org/conda-forge/linux-64/libffi-3.3-h58526e2_2.tar.bz2#665369991d8dd290ac5ee92fce3e6bf5
https://conda.anaconda.org/conda-forge/linux-64/libopenblas-0.3.12-pthreads_h4812303_1.tar.bz2#2c7126a584f05e7bc8885d64dad3d21a
https://conda.anaconda.org/conda-forge/linux-64/libsodium-1.0.18-h516909a_1.tar.bz2#e1ca1a4b82f7b51b29318f80cebae84a
https://conda.anaconda.org/conda-forge/linux-64/libutf8proc-2.6.1-h7f98852_0.tar.bz2#fd037e965074069cbd94b600a84c27b8
https://conda.anaconda.org/conda-forge/linux-64/libuv-1.41.0-h7f98852_0.tar.bz2#808b41ebae1d9bd4aa8ffbc365d468c6
https://conda.anaconda.org/conda-forge/linux-64/lz4-c-1.9.3-h9c3ff4c_0.tar.bz2#4eb64ee0d5cd43096ffcf843c76b05d4
https://conda.anaconda.org/conda-forge/linux-64/make-4.3-hd18ef5c_1.tar.bz2#4049ebfd3190b580dffe76daed26155a
https://conda.anaconda.org/conda-forge/linux-64/ncurses-6.2-h58526e2_4.tar.bz2#509f2a21c4a09214cd737a480dfd80c9
https://conda.anaconda.org/conda-forge/linux-64/openssl-1.1.1j-h7f98852_0.tar.bz2#f91545bee2ac8cf86f1dc53e55a7bb2b
https://conda.anaconda.org/conda-forge/linux-64/re2-2020.11.01-h58526e2_0.tar.bz2#f3f2d14af4d759af42c0f8b3b9dbad0a
https://conda.anaconda.org/conda-forge/linux-64/snappy-1.1.8-he1b5a44_3.tar.bz2#83f1dc295c711bdbaf97e1f3bedf2f52
https://conda.anaconda.org/conda-forge/linux-64/xz-5.2.5-h516909a_1.tar.bz2#33f601066901f3e1a85af3522a8113f9
https://conda.anaconda.org/conda-forge/linux-64/yaml-0.2.5-h516909a_0.tar.bz2#03a530e925414902547cf48da7756db8
https://conda.anaconda.org/conda-forge/linux-64/zlib-1.2.11-h516909a_1010.tar.bz2#339cc5584e6d26bc73a875ba900028c3
https://conda.anaconda.org/conda-forge/linux-64/aws-c-cal-0.4.5-h2ff795d_6.tar.bz2#afe0523b09a011e1fcf36ab16fa07de4
https://conda.anaconda.org/conda-forge/linux-64/aws-checksums-0.1.11-h3b39b8c_1.tar.bz2#d7615e216e4d7438a2d55410237ab96a
https://conda.anaconda.org/conda-forge/linux-64/glog-0.4.0-h49b9bf7_3.tar.bz2#d763c0076c32135a4fc8a5857d4fd2ba
https://conda.anaconda.org/conda-forge/linux-64/libblas-3.9.0-8_openblas.tar.bz2#95cee6371a5b901797075040941171f3
https://conda.anaconda.org/conda-forge/linux-64/libedit-3.1.20191231-he28a2e2_2.tar.bz2#4d331e44109e3f0e19b4cb8f9b82f3e1
https://conda.anaconda.org/conda-forge/linux-64/libevent-2.1.10-hcdb4288_3.tar.bz2#d8f51405997093ff1799ded7650439c4
https://conda.anaconda.org/conda-forge/linux-64/libnghttp2-1.43.0-h812cca2_0.tar.bz2#1867d1e9658596b3fac8847a7702eef4
https://conda.anaconda.org/conda-forge/linux-64/libprotobuf-3.15.1-h780b84a_0.tar.bz2#a1ab668f771523ff6fb4bf154cb210cc
https://conda.anaconda.org/conda-forge/linux-64/libssh2-1.9.0-hab1572f_5.tar.bz2#18aaa1bd2238ae2b5e89591046973123
https://conda.anaconda.org/conda-forge/linux-64/readline-8.0-he28a2e2_2.tar.bz2#4d0ae8d473f863696088f76800ef9d38
https://conda.anaconda.org/conda-forge/linux-64/s2n-0.10.26-h9b69904_0.tar.bz2#0283c938bf00afa0661e6eab80b22ee3
https://conda.anaconda.org/conda-forge/linux-64/tk-8.6.10-hed695b0_1.tar.bz2#7ef837cd455bd0f19f49b8b62d4cb568
https://conda.anaconda.org/conda-forge/linux-64/zeromq-4.3.4-h9c3ff4c_0.tar.bz2#9105c7da67ebfb39ff08e2a8ea72bb71
https://conda.anaconda.org/conda-forge/linux-64/zstd-1.4.8-ha95c52a_1.tar.bz2#ed4dbbaf7d81423678632bf982f45ede
https://conda.anaconda.org/conda-forge/linux-64/aws-c-io-0.8.3-h3b39b8c_1.tar.bz2#d64f7855f2228c16c333d6840d5dbdd3
https://conda.anaconda.org/conda-forge/linux-64/grpc-cpp-1.35.0-h7919d58_1.tar.bz2#7b5b64c98a058627b63765e354fcedfe
https://conda.anaconda.org/conda-forge/linux-64/krb5-1.17.2-h926e7f8_0.tar.bz2#926325c11478d6e781e76072c117763b
https://conda.anaconda.org/conda-forge/linux-64/libcblas-3.9.0-8_openblas.tar.bz2#d8e2151683bc12acffedea26eba27e0f
https://conda.anaconda.org/conda-forge/linux-64/liblapack-3.9.0-8_openblas.tar.bz2#9a860887c77e923c2807c715a7731fb8
https://conda.anaconda.org/conda-forge/linux-64/libthrift-0.13.0-hbe8ec66_6.tar.bz2#e835009ac768c2e634c4339dfedfe28e
https://conda.anaconda.org/conda-forge/linux-64/orc-1.6.7-heec2584_1.tar.bz2#a5e9cd6a909892649a6452cb4a85d2d9
https://conda.anaconda.org/conda-forge/linux-64/sqlite-3.34.0-h74cdb3f_0.tar.bz2#0a83e21e8c1929cc9a1e21ebb2459fc5
https://conda.anaconda.org/conda-forge/linux-64/aws-c-event-stream-0.2.6-h4285e0c_4.tar.bz2#ebebb4707243f3262a60fc7de8dc6fc2
https://conda.anaconda.org/conda-forge/linux-64/libcurl-7.71.1-hcdd3856_8.tar.bz2#2c81fb9f0d82c04b08617fc73eb615af
https://conda.anaconda.org/conda-forge/linux-64/python-3.9.2-hffdb5ce_0_cpython.tar.bz2#1d42ab08338d49f54800522a89ca3602
https://conda.anaconda.org/conda-forge/noarch/appdirs-1.4.4-pyh9f0ad1d_0.tar.bz2#5f095bc6454094e96f146491fd03633b
https://conda.anaconda.org/conda-forge/noarch/async_generator-1.10-py_0.tar.bz2#d56c596e61b1c4952acf0a9920856c12
https://conda.anaconda.org/conda-forge/noarch/attrs-20.3.0-pyhd3deb0d_0.tar.bz2#5b319abb055eefcfa344bc21378ca23f
https://conda.anaconda.org/conda-forge/linux-64/aws-sdk-cpp-1.8.138-h9e0957a_1.tar.bz2#25a25bda488f023786ee747749d11dc2
https://conda.anaconda.org/conda-forge/noarch/backcall-0.2.0-pyh9f0ad1d_0.tar.bz2#6006a6d08a3fa99268a2681c7fb55213
https://conda.anaconda.org/conda-forge/noarch/backports-1.0-py_2.tar.bz2#0da16b293affa6ac31812376f8eb79dd
https://conda.anaconda.org/conda-forge/noarch/click-7.1.2-pyh9f0ad1d_0.tar.bz2#bd50a970ce07e660c319fdc4d730d3f1
https://conda.anaconda.org/conda-forge/noarch/dataclasses-0.7-pyhb2cacf7_7.tar.bz2#3c9869f82e8f246c3f26e91da684597e
https://conda.anaconda.org/conda-forge/noarch/decorator-4.4.2-py_0.tar.bz2#d2eabb9cabd212e1ec6a9463bd846243
https://conda.anaconda.org/conda-forge/noarch/defusedxml-0.6.0-py_0.tar.bz2#37e1033daee0e2edaa5ff42584c52b21
https://conda.anaconda.org/conda-forge/noarch/distlib-0.3.1-pyh9f0ad1d_0.tar.bz2#db990401a267e2b15854af5f3f84f763
https://conda.anaconda.org/conda-forge/noarch/filelock-3.0.12-pyh9f0ad1d_0.tar.bz2#7544ed05bbbe9bb687bc9bcbe4d6cb46
https://conda.anaconda.org/conda-forge/noarch/h11-0.12.0-pyhd8ed1ab_0.tar.bz2#a8c3c313e5339029946b66070cf24b39
https://conda.anaconda.org/conda-forge/noarch/idna-2.10-pyh9f0ad1d_0.tar.bz2#f95a12b4f435aae6680fe55ae2eb1b06
https://conda.anaconda.org/conda-forge/noarch/ipython_genutils-0.2.0-py_1.tar.bz2#5071c982548b3a20caf70462f04f5287
https://conda.anaconda.org/conda-forge/noarch/json5-0.9.5-pyh9f0ad1d_0.tar.bz2#10759827a94e6b14996e81fb002c0bda
https://conda.anaconda.org/conda-forge/noarch/nest-asyncio-1.4.3-pyhd8ed1ab_0.tar.bz2#a1f2fda4d88c624810bf2029aa4c0827
https://conda.anaconda.org/conda-forge/noarch/pandocfilters-1.4.2-py_1.tar.bz2#ba6f4a308f1ea22abe1d72e72544af76
https://conda.anaconda.org/conda-forge/noarch/parso-0.8.1-pyhd8ed1ab_0.tar.bz2#8b0a19d867a59005c1ae631d61a12194
https://conda.anaconda.org/conda-forge/noarch/pathspec-0.8.1-pyhd3deb0d_0.tar.bz2#fcd2fbb062b55d14a77e664c89ee17a6
https://conda.anaconda.org/conda-forge/noarch/prometheus_client-0.9.0-pyhd3deb0d_0.tar.bz2#c7af95daf5bae22ead34151e0ab9d041
https://conda.anaconda.org/conda-forge/noarch/ptyprocess-0.7.0-pyhd3deb0d_0.tar.bz2#359eeb6536da0e687af562ed265ec263
https://conda.anaconda.org/conda-forge/noarch/pycparser-2.20-pyh9f0ad1d_2.tar.bz2#aa798d50ffd182a0f6f31478c7f434f6
https://conda.anaconda.org/conda-forge/noarch/pyparsing-2.4.7-pyh9f0ad1d_0.tar.bz2#626c4f20d5bf06dcec9cf2eaa31725c7
https://conda.anaconda.org/conda-forge/linux-64/python_abi-3.9-1_cp39.tar.bz2#9ee3692d976902241a3392495768fe98
https://conda.anaconda.org/conda-forge/noarch/pytz-2021.1-pyhd8ed1ab_0.tar.bz2#3af2e9424d5eb0063824a3f9b850d411
https://conda.anaconda.org/conda-forge/noarch/send2trash-1.5.0-py_0.tar.bz2#c3779037a635e1150f1c53c28b875949
https://conda.anaconda.org/conda-forge/noarch/six-1.15.0-pyh9f0ad1d_0.tar.bz2#1eec421f0f1f39e579e44e4a5ce646a2
https://conda.anaconda.org/conda-forge/noarch/starlette-base-0.13.6-py_0.tar.bz2#4048417a60cd022ce5c1badb0a2e11dd
https://conda.anaconda.org/conda-forge/noarch/testpath-0.4.4-py_0.tar.bz2#3b98fff4d5342bebde2ecaa314f796f9
https://conda.anaconda.org/conda-forge/noarch/threadpoolctl-2.1.0-pyh5ca1d4c_0.tar.bz2#9eb32b63458380aa3804de519b6e5749
https://conda.anaconda.org/conda-forge/noarch/toml-0.10.2-pyhd8ed1ab_0.tar.bz2#f832c45a477c78bebd107098db465095
https://conda.anaconda.org/conda-forge/noarch/typing_extensions-3.7.4.3-py_0.tar.bz2#12b96e382730541a4b332420227055ae
https://conda.anaconda.org/conda-forge/noarch/watchgod-0.6-py_0.tar.bz2#4499434e6002bd82fdd50a76ea2c7b2c
https://conda.anaconda.org/conda-forge/noarch/webencodings-0.5.1-py_1.tar.bz2#3563be4c5611a44210d9ba0c16113136
https://conda.anaconda.org/conda-forge/noarch/wheel-0.36.2-pyhd3deb0d_0.tar.bz2#768bfbe026426d0e76b377997d1f2b98
https://conda.anaconda.org/conda-forge/noarch/zipp-3.4.0-py_0.tar.bz2#0df927d2e46244cef8fd75d7ec2ba51c
https://conda.anaconda.org/conda-forge/noarch/babel-2.9.0-pyhd3deb0d_0.tar.bz2#1cb532c9a6fd4e56a9f0906b87c17b76
https://conda.anaconda.org/conda-forge/linux-64/certifi-2020.12.5-py39hf3d152e_1.tar.bz2#83afa403caafd7ef3162385cca9bce13
https://conda.anaconda.org/conda-forge/linux-64/cffi-1.14.5-py39he32792d_0.tar.bz2#b561e1fad1fc8bb343064bd5497444bb
https://conda.anaconda.org/conda-forge/noarch/cfgv-3.2.0-py_0.tar.bz2#4972efcb3e2cbd3954b24a17266be25c
https://conda.anaconda.org/conda-forge/linux-64/chardet-4.0.0-py39hf3d152e_1.tar.bz2#d0da429a3428ffcacaad25595b96a648
https://conda.anaconda.org/conda-forge/linux-64/editdistance-0.5.3-py39he80948d_3.tar.bz2#e83a3e1903b9ec2241436e59fbdc3903
https://conda.anaconda.org/conda-forge/linux-64/entrypoints-0.3-py39hde42818_1002.tar.bz2#dad6134fb73bfd57f9658c30c7296355
https://conda.anaconda.org/conda-forge/linux-64/httptools-0.1.1-py39h3811e60_2.tar.bz2#c8a4142fe37a7e6075be68eaafedd582
https://conda.anaconda.org/conda-forge/linux-64/importlib-metadata-3.4.0-py39hf3d152e_0.tar.bz2#2b1250aa2d2fe96b6cc2bd81f0d8ab0e
https://conda.anaconda.org/conda-forge/linux-64/jedi-0.18.0-py39hf3d152e_2.tar.bz2#cb9b5c105fb10e59bf5a263880735235
https://conda.anaconda.org/conda-forge/linux-64/markupsafe-1.1.1-py39h3811e60_3.tar.bz2#ba89fd2d0e9871ac81116e3008c830b4
https://conda.anaconda.org/conda-forge/linux-64/mistune-0.8.4-py39h3811e60_1003.tar.bz2#716b1f4d19fdedf318dd100682399a76
https://conda.anaconda.org/conda-forge/linux-64/mypy_extensions-0.4.3-py39hf3d152e_3.tar.bz2#fcab473c122479c0a4b1a14f716b7f1d
https://conda.anaconda.org/conda-forge/linux-64/numpy-1.20.1-py39hdbf815f_0.tar.bz2#7d9a2aefb8964c83b707c20b9577c584
https://conda.anaconda.org/conda-forge/noarch/packaging-20.9-pyh44b312d_0.tar.bz2#be69a38e912054a62dc82cc3c7711a64
https://conda.anaconda.org/conda-forge/noarch/pexpect-4.8.0-pyh9f0ad1d_2.tar.bz2#5909e7b978141dd80d28dbf9de627827
https://conda.anaconda.org/conda-forge/linux-64/pickleshare-0.7.5-py39hde42818_1002.tar.bz2#2dc9995512c80256532250a6fd616b14
https://conda.anaconda.org/conda-forge/linux-64/pydantic-1.7.3-py39h3811e60_0.tar.bz2#56c67781f99438bb4c496b313853a7a9
https://conda.anaconda.org/conda-forge/linux-64/pyrsistent-0.17.3-py39h3811e60_2.tar.bz2#4ec88cc4b941bc447fd97cadd76e32de
https://conda.anaconda.org/conda-forge/linux-64/pysocks-1.7.1-py39hf3d152e_3.tar.bz2#f7e7fdc66f2362bebc407f1ab7d10f63
https://conda.anaconda.org/conda-forge/noarch/python-dateutil-2.8.1-py_0.tar.bz2#0d0150ed9c2d25817f5324108d3f7571
https://conda.anaconda.org/conda-forge/noarch/python-dotenv-0.15.0-pyhd8ed1ab_0.tar.bz2#699421f15243c4528c66568916466c08
https://conda.anaconda.org/conda-forge/linux-64/pyyaml-5.4.1-py39h3811e60_0.tar.bz2#6451ed66b3b438134626894c821dc5fa
https://conda.anaconda.org/conda-forge/linux-64/pyzmq-22.0.3-py39hea8fd45_0.tar.bz2#819515cfc415b20de4695027f9e30c25
https://conda.anaconda.org/conda-forge/linux-64/regex-2020.11.13-py39h3811e60_1.tar.bz2#9773a6dbe042e33dfcd185dbde101339
https://conda.anaconda.org/conda-forge/linux-64/sniffio-1.2.0-py39hf3d152e_1.tar.bz2#a620158b380f03f82e8ceac1397270b7
https://conda.anaconda.org/conda-forge/linux-64/tornado-6.1-py39h3811e60_1.tar.bz2#763597c8b91b69789ab0f6002439c32b
https://conda.anaconda.org/conda-forge/noarch/traitlets-5.0.5-py_0.tar.bz2#99618ee9ab1323e40f231acdab92fe60
https://conda.anaconda.org/conda-forge/linux-64/typed-ast-1.4.2-py39h3811e60_0.tar.bz2#eec5a3ed253825254248e0f2ae79a4cb
https://conda.anaconda.org/conda-forge/linux-64/uvloop-0.15.2-py39h3811e60_0.tar.bz2#476f085f0e74ea6b27047cd4fe5e49d0
https://conda.anaconda.org/conda-forge/linux-64/virtualenv-20.4.2-py39hf3d152e_0.tar.bz2#ee1bebb57f2b2d3517f62c045dcec735
https://conda.anaconda.org/conda-forge/linux-64/websockets-8.1-py39h3811e60_3.tar.bz2#bbff047e2a180df5a0e68ddcbab3234c
https://conda.anaconda.org/conda-forge/linux-64/anyio-2.1.0-py39hf3d152e_0.tar.bz2#73b831b4d20c8cac7d6da847ea6b4e6d
https://conda.anaconda.org/conda-forge/linux-64/argon2-cffi-20.1.0-py39hbd71b63_2.tar.bz2#d50b0c20ad55e01c90309ab6f93c6336
https://conda.anaconda.org/conda-forge/linux-64/arrow-cpp-3.0.0-py39h3607a36_5_cpu.tar.bz2#2b0158acb44c21f726aa42bb5a8c4c95
https://conda.anaconda.org/conda-forge/noarch/black-20.8b1-py_1.tar.bz2#e555d6b71ec916c3dc4e6e3793cc9796
https://conda.anaconda.org/conda-forge/linux-64/brotlipy-0.7.0-py39h3811e60_1001.tar.bz2#35ad78e61aec955783acfd00f3c6bcde
https://conda.anaconda.org/conda-forge/linux-64/cryptography-3.4.4-py39h95dcef6_0.tar.bz2#43dcf8bc5342d18e888f241d39810961
https://conda.anaconda.org/conda-forge/noarch/fastapi-0.63.0-pyhd8ed1ab_0.tar.bz2#711d4fa5bc5de329873dc384a67ab984
https://conda.anaconda.org/conda-forge/noarch/identify-1.5.14-pyh44b312d_0.tar.bz2#56d02c1a5dbb32a00249ea2c6db264c4
https://conda.anaconda.org/conda-forge/noarch/importlib_metadata-3.4.0-hd8ed1ab_0.tar.bz2#6d962cade0658bb1040a3e994add14e0
https://conda.anaconda.org/conda-forge/linux-64/jupyter_core-4.7.1-py39hf3d152e_0.tar.bz2#6bddb50072e5c769100295b967b7b212
https://conda.anaconda.org/conda-forge/linux-64/pandas-1.2.2-py39hde0f152_0.tar.bz2#384e37de7504a11223960c8786a0bfac
https://conda.anaconda.org/conda-forge/linux-64/scipy-1.6.0-py39hee8e79c_0.tar.bz2#3afcb78281836e61351a2924f3230060
https://conda.anaconda.org/conda-forge/linux-64/setuptools-49.6.0-py39hf3d152e_3.tar.bz2#4397280abb201d7adff59099e12e7ddd
https://conda.anaconda.org/conda-forge/linux-64/terminado-0.9.2-py39hf3d152e_0.tar.bz2#be4a43825c2a6ca3638cbdcceeb7977d
https://conda.anaconda.org/conda-forge/linux-64/uvicorn-0.13.4-py39hf3d152e_0.tar.bz2#2683c174028d750e4990e17185f5b200
https://conda.anaconda.org/conda-forge/noarch/backports.functools_lru_cache-1.6.1-py_0.tar.bz2#d36df15eaef96549ce6231e3088fba54
https://conda.anaconda.org/conda-forge/noarch/bleach-3.3.0-pyh44b312d_0.tar.bz2#abf6b76c39358ca36ca706c46f054f2a
https://conda.anaconda.org/conda-forge/linux-64/gunicorn-20.0.4-py39hf3d152e_3.tar.bz2#ef7909fd34938e5b268194aa479901af
https://conda.anaconda.org/conda-forge/noarch/jinja2-2.11.3-pyh44b312d_0.tar.bz2#1d4c3605d85a3655b1595e0694138eb6
https://conda.anaconda.org/conda-forge/noarch/joblib-1.0.1-pyhd8ed1ab_0.tar.bz2#27d5ed1aaf2bbb5a0cc307a12d8e032f
https://conda.anaconda.org/conda-forge/noarch/jsonschema-3.2.0-py_2.tar.bz2#a17aa962de6145d08e1008cb37c20161
https://conda.anaconda.org/conda-forge/noarch/jupyter-packaging-0.7.12-pyhd8ed1ab_0.tar.bz2#ab2fd67d07b63afe5ea6db6c5f32b5fd
https://conda.anaconda.org/conda-forge/noarch/jupyter_client-6.1.11-pyhd8ed1ab_1.tar.bz2#0fcd80df6d4e0558754c39453ffa3110
https://conda.anaconda.org/conda-forge/noarch/nodeenv-1.5.0-pyh9f0ad1d_0.tar.bz2#59e109cb68807a14b71f3f973b93747b
https://conda.anaconda.org/conda-forge/linux-64/parquet-cpp-1.5.1-1.tar.bz2#f88f83428aa93efac1eb00980f8e15d3
https://conda.anaconda.org/conda-forge/noarch/pip-21.0.1-pyhd8ed1ab_0.tar.bz2#849477e10d78cbc283c78fd53bfbb567
https://conda.anaconda.org/conda-forge/noarch/pygments-2.8.0-pyhd8ed1ab_0.tar.bz2#226cd14ba0554ca2648fecd11090f473
https://conda.anaconda.org/conda-forge/noarch/pyopenssl-20.0.1-pyhd8ed1ab_0.tar.bz2#92371c25994d0f5d28a01c1fb75ebf86
https://conda.anaconda.org/conda-forge/noarch/setuptools-scm-5.0.1-pyhd3deb0d_0.tar.bz2#4a2aca8eb8f90c907a54154347acff61
https://conda.anaconda.org/conda-forge/noarch/jupyterlab_pygments-0.1.2-pyh9f0ad1d_0.tar.bz2#2cbd910890bb328e8959246a1e16fac7
https://conda.anaconda.org/conda-forge/noarch/nbformat-5.1.2-pyhd8ed1ab_1.tar.bz2#9633dbb668ac1f9266427672816899dc
https://conda.anaconda.org/conda-forge/linux-64/pre-commit-2.10.1-py39hf3d152e_0.tar.bz2#010be781361b17fa6a4ce4e356d6414f
https://conda.anaconda.org/conda-forge/linux-64/pyarrow-3.0.0-py39hc2854d1_5_cpu.tar.bz2#2d6f89b904aeec588fd4cb568b8bb1a6
https://conda.anaconda.org/conda-forge/linux-64/scikit-learn-0.24.1-py39h4dfa638_0.tar.bz2#a00fc5b4251e7d34035bf1ef8fbf53ae
https://conda.anaconda.org/conda-forge/noarch/setuptools_scm-5.0.1-hd8ed1ab_0.tar.bz2#a646405c41a50cf223e1e04a49e3b2b9
https://conda.anaconda.org/conda-forge/noarch/urllib3-1.26.3-pyhd8ed1ab_0.tar.bz2#25573e57774dd54cfa848e5dd44503ed
https://conda.anaconda.org/conda-forge/noarch/wcwidth-0.2.5-pyh9f0ad1d_2.tar.bz2#5266fcd697043c59621fda522b3d78ee
https://conda.anaconda.org/conda-forge/linux-64/lightgbm-3.1.1-py39he80948d_0.tar.bz2#bb807d15a7d203a71a2e221f54859d9e
https://conda.anaconda.org/conda-forge/noarch/nbclient-0.5.2-pyhd8ed1ab_0.tar.bz2#06970c2047dd29a7d320b0a765f9b1e4
https://conda.anaconda.org/conda-forge/noarch/prompt-toolkit-3.0.16-pyha770c72_0.tar.bz2#1a7cec3da4a94cd23d3de4155bff4941
https://conda.anaconda.org/conda-forge/noarch/requests-2.25.1-pyhd3deb0d_0.tar.bz2#ae687aba31a1c400192a86a2e993ffdc
https://conda.anaconda.org/conda-forge/linux-64/ipython-7.20.0-py39hef51801_2.tar.bz2#258fe730f2dbaf2b3d5b15b934b975eb
https://conda.anaconda.org/conda-forge/linux-64/nbconvert-6.0.7-py39hf3d152e_3.tar.bz2#5f914e1113c7a926798c7659efbcd6a3
https://conda.anaconda.org/conda-forge/linux-64/ipykernel-5.5.0-py39hef51801_1.tar.bz2#7fdf48a376b83e4511b550410482c806
https://conda.anaconda.org/conda-forge/linux-64/jupyter_server-1.4.1-py39hf3d152e_0.tar.bz2#e5e99c96e60344439ad559e9fa9111e5
https://conda.anaconda.org/conda-forge/noarch/nb_black-1.0.7-py_0.tar.bz2#f020a22aba0d6996603fdfe281471a00
https://conda.anaconda.org/conda-forge/noarch/jupyterlab_server-2.3.0-pyhd8ed1ab_0.tar.bz2#e1ab43655ba7ede6917e2daa37c7b217
https://conda.anaconda.org/conda-forge/linux-64/notebook-6.2.0-py39hf3d152e_0.tar.bz2#b41aa687fbe881f4941707dc8646bdfc
https://conda.anaconda.org/conda-forge/noarch/nbclassic-0.2.6-pyhd8ed1ab_0.tar.bz2#49be35e31b49012ea91fcd667ebdf4ad
https://conda.anaconda.org/conda-forge/noarch/jupyterlab-3.0.9-pyhd8ed1ab_0.tar.bz2#083a50575417a6148ce09133f6d4d63d
https://conda.anaconda.org/conda-forge/noarch/jupytext-1.10.2-pyh44b312d_0.tar.bz2#6e5537d03420997f83639c1a074172e7
https://conda.anaconda.org/conda-forge/noarch/markdown-it-py-0.6.2-pyhd8ed1ab_0.tar.bz2#61d712a472b02ccd3ba3f45383d373a3
https://conda.anaconda.org/conda-forge/noarch/mdit-py-plugins-0.2.5-pyhd8ed1ab_0.tar.bz2#8843c122b4f50190eb090853f54c9162
