# platform: osx-arm64
# env_hash: 5175f24b36a79aef199dce76006a023c4fbbd878c0ad429a508a83c9c540600e
@EXPLICIT
https://conda.anaconda.org/conda-forge/osx-arm64/ca-certificates-2020.12.5-h4653dfc_0.tar.bz2#b39024501e189c8652f2a124bac9f233
https://conda.anaconda.org/conda-forge/osx-arm64/libcxx-11.0.1-h168391b_0.tar.bz2#a0469152a5bea653a3054f8c3f4adbe3
https://conda.anaconda.org/conda-forge/osx-arm64/libuv-1.41.0-h27ca646_0.tar.bz2#9215be5b4943309641ae7fd5da303520
https://conda.anaconda.org/conda-forge/osx-arm64/llvm-openmp-11.0.1-hb3022d6_0.tar.bz2#d8765c2c045b21281aebe6e1a05fb06a
https://conda.anaconda.org/conda-forge/osx-arm64/ncurses-6.2-h9aa5885_4.tar.bz2#8a4aa25a5741e65f2338204f8a45d8d8
https://conda.anaconda.org/conda-forge/noarch/tzdata-2021a-he74cb21_0.tar.bz2#6f36861f102249fc54861ff9343c3fdd
https://conda.anaconda.org/conda-forge/osx-arm64/xz-5.2.5-h642e427_1.tar.bz2#9ab2316785cb81c464ab9a99512dae71
https://conda.anaconda.org/conda-forge/osx-arm64/yaml-0.2.5-h642e427_0.tar.bz2#143549bda61a8b9e3a223328cdddc811
https://conda.anaconda.org/conda-forge/osx-arm64/zlib-1.2.11-h31e879b_1009.tar.bz2#96796f31644a5e13e12dc194284f7681
https://conda.anaconda.org/conda-forge/osx-arm64/libgfortran5-11.0.0.dev0-hdc626ea_18.tar.bz2#8e8004fd527f2e96de2a096fadb022f0
https://conda.anaconda.org/conda-forge/osx-arm64/openssl-1.1.1j-h27ca646_0.tar.bz2#dfc7b7a9c2295b8d05cf4e8352fa1c7b
https://conda.anaconda.org/conda-forge/osx-arm64/readline-8.0-hc8eb9b7_2.tar.bz2#ebb6a9996404e7c9c1a633e1a4576f3d
https://conda.anaconda.org/conda-forge/osx-arm64/tk-8.6.10-hf7e6567_1.tar.bz2#42c39bbf010ef4fa5839c61a19535980
https://conda.anaconda.org/conda-forge/osx-arm64/libgfortran-5.0.0.dev0-11_0_0_hdc626ea_18.tar.bz2#035e14f0ddea07b7b0d830c473a2c42c
https://conda.anaconda.org/conda-forge/osx-arm64/sqlite-3.34.0-h6d56c25_0.tar.bz2#526022f4bb14e7cf121b7e2b77a5f14d
https://conda.anaconda.org/conda-forge/osx-arm64/libopenblas-0.3.12-openmp_h2ecc587_1.tar.bz2#91c53b4976a00916215b2f5e289bc787
https://conda.anaconda.org/conda-forge/osx-arm64/python-3.9.2-hcbd9b3a_0_cpython.tar.bz2#555908ae845bd2b952534c31299e55cb
https://conda.anaconda.org/conda-forge/noarch/click-7.1.2-pyh9f0ad1d_0.tar.bz2#bd50a970ce07e660c319fdc4d730d3f1
https://conda.anaconda.org/conda-forge/noarch/h11-0.12.0-pyhd8ed1ab_0.tar.bz2#a8c3c313e5339029946b66070cf24b39
https://conda.anaconda.org/conda-forge/osx-arm64/libblas-3.9.0-8_openblas.tar.bz2#e903ce85d36c356b2e8c480c74890552
https://conda.anaconda.org/conda-forge/osx-arm64/python_abi-3.9-1_cp39.tar.bz2#06e5b68ca789e3b7910c3f09cdffda7c
https://conda.anaconda.org/conda-forge/noarch/pytz-2021.1-pyhd8ed1ab_0.tar.bz2#3af2e9424d5eb0063824a3f9b850d411
https://conda.anaconda.org/conda-forge/noarch/six-1.15.0-pyh9f0ad1d_0.tar.bz2#1eec421f0f1f39e579e44e4a5ce646a2
https://conda.anaconda.org/conda-forge/noarch/starlette-base-0.13.6-py_0.tar.bz2#4048417a60cd022ce5c1badb0a2e11dd
https://conda.anaconda.org/conda-forge/noarch/threadpoolctl-2.1.0-pyh5ca1d4c_0.tar.bz2#9eb32b63458380aa3804de519b6e5749
https://conda.anaconda.org/conda-forge/noarch/toml-0.10.2-pyhd8ed1ab_0.tar.bz2#f832c45a477c78bebd107098db465095
https://conda.anaconda.org/conda-forge/noarch/watchgod-0.6-py_0.tar.bz2#4499434e6002bd82fdd50a76ea2c7b2c
https://conda.anaconda.org/conda-forge/noarch/wheel-0.36.2-pyhd3deb0d_0.tar.bz2#768bfbe026426d0e76b377997d1f2b98
https://conda.anaconda.org/conda-forge/osx-arm64/certifi-2020.12.5-py39h2804cbe_1.tar.bz2#4e6750d127cb5485a86fbddefe7ef2d1
https://conda.anaconda.org/conda-forge/osx-arm64/httptools-0.1.1-py39h46acfd9_2.tar.bz2#555dae43420faaa4f979e360549708dc
https://conda.anaconda.org/conda-forge/osx-arm64/libcblas-3.9.0-8_openblas.tar.bz2#dfc8c47798a0678db93db5abb13f67bf
https://conda.anaconda.org/conda-forge/osx-arm64/liblapack-3.9.0-8_openblas.tar.bz2#295f50912c446aebf710507224aca2b4
https://conda.anaconda.org/conda-forge/osx-arm64/pydantic-1.7.3-py39h46acfd9_0.tar.bz2#6e2d8d17b6f2b9d23304cd66acdf274c
https://conda.anaconda.org/conda-forge/noarch/python-dateutil-2.8.1-py_0.tar.bz2#0d0150ed9c2d25817f5324108d3f7571
https://conda.anaconda.org/conda-forge/noarch/python-dotenv-0.15.0-pyhd8ed1ab_0.tar.bz2#699421f15243c4528c66568916466c08
https://conda.anaconda.org/conda-forge/osx-arm64/pyyaml-5.4.1-py39h46acfd9_0.tar.bz2#9d200b6c1b2d539ea23046a2154b0f7d
https://conda.anaconda.org/conda-forge/osx-arm64/uvloop-0.15.2-py39h46acfd9_0.tar.bz2#9ebe732ce50dd9caa56769d6baee0bd6
https://conda.anaconda.org/conda-forge/osx-arm64/websockets-8.1-py39h46acfd9_3.tar.bz2#e78cb0e1655d8d669174785b110ff243
https://conda.anaconda.org/conda-forge/noarch/fastapi-0.63.0-pyhd8ed1ab_0.tar.bz2#711d4fa5bc5de329873dc384a67ab984
https://conda.anaconda.org/conda-forge/osx-arm64/numpy-1.20.1-py39h69a04d8_0.tar.bz2#94cb26d3f661c059e91170324a74f317
https://conda.anaconda.org/conda-forge/osx-arm64/setuptools-49.6.0-py39h2804cbe_3.tar.bz2#b2268b9c73391e6199dc6936da31cddf
https://conda.anaconda.org/conda-forge/osx-arm64/uvicorn-0.13.4-py39h2804cbe_0.tar.bz2#50ed4e47f66918bfef66c84b868bd632
https://conda.anaconda.org/conda-forge/osx-arm64/gunicorn-20.0.4-py39h2804cbe_3.tar.bz2#343872c7bf90d1c8590c699350674efe
https://conda.anaconda.org/conda-forge/noarch/joblib-1.0.1-pyhd8ed1ab_0.tar.bz2#27d5ed1aaf2bbb5a0cc307a12d8e032f
https://conda.anaconda.org/conda-forge/osx-arm64/pandas-1.2.2-py39ha4bedbf_0.tar.bz2#9f928a021bb74e3264819f527a2552fb
https://conda.anaconda.org/conda-forge/noarch/pip-21.0.1-pyhd8ed1ab_0.tar.bz2#849477e10d78cbc283c78fd53bfbb567
https://conda.anaconda.org/conda-forge/osx-arm64/scipy-1.6.0-py39h73ea49b_0.tar.bz2#9a91e6bd7313417971fd281ac12dcc02
https://conda.anaconda.org/conda-forge/noarch/setuptools-scm-5.0.1-pyhd3deb0d_0.tar.bz2#4a2aca8eb8f90c907a54154347acff61
https://conda.anaconda.org/conda-forge/osx-arm64/scikit-learn-0.24.1-py39hb966dd2_0.tar.bz2#fce7d75c8ab4e51369b366b86c2b56f3
https://conda.anaconda.org/conda-forge/noarch/setuptools_scm-5.0.1-hd8ed1ab_0.tar.bz2#a646405c41a50cf223e1e04a49e3b2b9
https://conda.anaconda.org/conda-forge/osx-arm64/lightgbm-3.1.1-py39h93dc1e2_0.tar.bz2#adf3067d57dd9b9635e8683d10535e02
