# platform: linux-aarch64
# env_hash: 841dabaae3dde2937e7d2587befbbd6b855bdf8ea232a4b6ac46e6041c71f2ad
@EXPLICIT
https://conda.anaconda.org/conda-forge/linux-aarch64/ca-certificates-2020.12.5-h4fd8a4c_0.tar.bz2#5356fcc6dfd0dd51905e98e8fd88c8c6
https://conda.anaconda.org/conda-forge/linux-aarch64/ld_impl_linux-aarch64-2.35.1-h02ad14f_2.tar.bz2#a97f2d5eb4a1c2b2819fbd28f31bfabb
https://conda.anaconda.org/conda-forge/linux-aarch64/libgfortran5-9.3.0-h51dc86a_17.tar.bz2#1d515bb0a8600c5fa96baad51f1ca967
https://conda.anaconda.org/conda-forge/linux-aarch64/libgomp-9.3.0-h8ab15db_17.tar.bz2#80d052d1b6f37cd4dd715df9aa785a0b
https://conda.anaconda.org/conda-forge/linux-aarch64/libstdcxx-ng-9.3.0-h7a64470_17.tar.bz2#5989d6b06b29635f4883a2410cd57870
https://conda.anaconda.org/conda-forge/noarch/tzdata-2021a-he74cb21_0.tar.bz2#6f36861f102249fc54861ff9343c3fdd
https://conda.anaconda.org/conda-forge/linux-aarch64/_openmp_mutex-4.5-1_gnu.tar.bz2#d029b13a6c638f91c9db96a991ac56f0
https://conda.anaconda.org/conda-forge/linux-aarch64/libgfortran-ng-9.3.0-h51dc86a_17.tar.bz2#0fde5c4ad1705bf0e6d9a8481216ede7
https://conda.anaconda.org/conda-forge/linux-aarch64/libgcc-ng-9.3.0-h8ab15db_17.tar.bz2#a7b900b3bd4b3a5286254749e093531b
https://conda.anaconda.org/conda-forge/linux-aarch64/libffi-3.3-h884eca8_2.tar.bz2#b2b11b4c4b858cf892bfb91bcc4f7dec
https://conda.anaconda.org/conda-forge/linux-aarch64/libopenblas-0.3.12-pthreads_h4812303_1.tar.bz2#b32ae7e5eacc2045e68bd190fbf3fbf2
https://conda.anaconda.org/conda-forge/linux-aarch64/libuv-1.41.0-hf897c2e_0.tar.bz2#aab488995f06433885a08c000b57fc78
https://conda.anaconda.org/conda-forge/linux-aarch64/ncurses-6.2-h7fd3ca4_4.tar.bz2#e63890523b6708f64d078f96d3a46375
https://conda.anaconda.org/conda-forge/linux-aarch64/openssl-1.1.1j-hf897c2e_0.tar.bz2#0b77d59a8849c53098239ee14271c81b
https://conda.anaconda.org/conda-forge/linux-aarch64/xz-5.2.5-h6dd45c4_1.tar.bz2#9da6f161d0f47f8a29fa708cda8deda2
https://conda.anaconda.org/conda-forge/linux-aarch64/yaml-0.2.5-h516909a_0.tar.bz2#2f7b51117290b7e95d61e6ff9abd7a3a
https://conda.anaconda.org/conda-forge/linux-aarch64/zlib-1.2.11-h516909a_1009.tar.bz2#8f012adadf82e1440ff1249634fdf6b4
https://conda.anaconda.org/conda-forge/linux-aarch64/libblas-3.9.0-8_openblas.tar.bz2#70ebb347b8b2853f45cb117179cd750c
https://conda.anaconda.org/conda-forge/linux-aarch64/readline-8.0-h607064a_2.tar.bz2#140aafba4896d77ef3dce3f499255a60
https://conda.anaconda.org/conda-forge/linux-aarch64/tk-8.6.10-he2b207e_1.tar.bz2#fd0a9280321a7e377cc010b25be3fbe9
https://conda.anaconda.org/conda-forge/linux-aarch64/libcblas-3.9.0-8_openblas.tar.bz2#baf373ec8fed1f313396c011f2fefc44
https://conda.anaconda.org/conda-forge/linux-aarch64/liblapack-3.9.0-8_openblas.tar.bz2#dce03e035fa549af8c18790c439a995e
https://conda.anaconda.org/conda-forge/linux-aarch64/sqlite-3.34.0-h43e6a2a_0.tar.bz2#327558c7faed1bd6ae02d6965457d0f8
https://conda.anaconda.org/conda-forge/linux-aarch64/python-3.9.2-h3bd6a85_0_cpython.tar.bz2#46c5966b7c6bc88705ac194780072368
https://conda.anaconda.org/conda-forge/noarch/click-7.1.2-pyh9f0ad1d_0.tar.bz2#bd50a970ce07e660c319fdc4d730d3f1
https://conda.anaconda.org/conda-forge/noarch/h11-0.12.0-pyhd8ed1ab_0.tar.bz2#a8c3c313e5339029946b66070cf24b39
https://conda.anaconda.org/conda-forge/linux-aarch64/python_abi-3.9-1_cp39.tar.bz2#d50ce97d3f8c3be5d6335f4329435818
https://conda.anaconda.org/conda-forge/noarch/pytz-2021.1-pyhd8ed1ab_0.tar.bz2#3af2e9424d5eb0063824a3f9b850d411
https://conda.anaconda.org/conda-forge/noarch/six-1.15.0-pyh9f0ad1d_0.tar.bz2#1eec421f0f1f39e579e44e4a5ce646a2
https://conda.anaconda.org/conda-forge/noarch/starlette-base-0.13.6-py_0.tar.bz2#4048417a60cd022ce5c1badb0a2e11dd
https://conda.anaconda.org/conda-forge/noarch/threadpoolctl-2.1.0-pyh5ca1d4c_0.tar.bz2#9eb32b63458380aa3804de519b6e5749
https://conda.anaconda.org/conda-forge/noarch/toml-0.10.2-pyhd8ed1ab_0.tar.bz2#f832c45a477c78bebd107098db465095
https://conda.anaconda.org/conda-forge/noarch/watchgod-0.6-py_0.tar.bz2#4499434e6002bd82fdd50a76ea2c7b2c
https://conda.anaconda.org/conda-forge/noarch/wheel-0.36.2-pyhd3deb0d_0.tar.bz2#768bfbe026426d0e76b377997d1f2b98
https://conda.anaconda.org/conda-forge/linux-aarch64/certifi-2020.12.5-py39ha65689a_1.tar.bz2#f7b1f6bf606cfe4f91802d436eda95d7
https://conda.anaconda.org/conda-forge/linux-aarch64/httptools-0.1.1-py39h14843e3_2.tar.bz2#a14c505f6fc640a8cb8344df9f6cabe4
https://conda.anaconda.org/conda-forge/linux-aarch64/numpy-1.20.1-py39h43e3299_0.tar.bz2#56547db3abb87a05cca5ca87c464a15a
https://conda.anaconda.org/conda-forge/linux-aarch64/pydantic-1.7.3-py39h14843e3_0.tar.bz2#0745a5af97ee287e4acddf2a935f9ceb
https://conda.anaconda.org/conda-forge/noarch/python-dateutil-2.8.1-py_0.tar.bz2#0d0150ed9c2d25817f5324108d3f7571
https://conda.anaconda.org/conda-forge/noarch/python-dotenv-0.15.0-pyhd8ed1ab_0.tar.bz2#699421f15243c4528c66568916466c08
https://conda.anaconda.org/conda-forge/linux-aarch64/pyyaml-5.4.1-py39h14843e3_0.tar.bz2#4e835b72c2327dc3bc9842e2d3ce9d44
https://conda.anaconda.org/conda-forge/linux-aarch64/uvloop-0.15.2-py39h14843e3_0.tar.bz2#4b39fc2439ed145c06943ed0e82dbb6b
https://conda.anaconda.org/conda-forge/linux-aarch64/websockets-8.1-py39h14843e3_3.tar.bz2#60ad796154c42713927086e3f0412283
https://conda.anaconda.org/conda-forge/noarch/fastapi-0.63.0-pyhd8ed1ab_0.tar.bz2#711d4fa5bc5de329873dc384a67ab984
https://conda.anaconda.org/conda-forge/linux-aarch64/pandas-1.2.2-py39h7b4a2eb_0.tar.bz2#0081a89a1a150dbf02e1d0a4103d3b18
https://conda.anaconda.org/conda-forge/linux-aarch64/scipy-1.6.0-py39h5c7b0d2_0.tar.bz2#40589432ec63e23aac3ea4164253e26c
https://conda.anaconda.org/conda-forge/linux-aarch64/setuptools-49.6.0-py39ha65689a_3.tar.bz2#15b60d02c40bccdb14cd7ffbe08218dc
https://conda.anaconda.org/conda-forge/linux-aarch64/uvicorn-0.13.4-py39ha65689a_0.tar.bz2#597c9bc7e7c728e67f074513cffbc42e
https://conda.anaconda.org/conda-forge/linux-aarch64/gunicorn-20.0.4-py39ha65689a_3.tar.bz2#146904136b9c280eb8582be7b22e341e
https://conda.anaconda.org/conda-forge/noarch/joblib-1.0.1-pyhd8ed1ab_0.tar.bz2#27d5ed1aaf2bbb5a0cc307a12d8e032f
https://conda.anaconda.org/conda-forge/noarch/pip-21.0.1-pyhd8ed1ab_0.tar.bz2#849477e10d78cbc283c78fd53bfbb567
https://conda.anaconda.org/conda-forge/noarch/setuptools-scm-5.0.1-pyhd3deb0d_0.tar.bz2#4a2aca8eb8f90c907a54154347acff61
https://conda.anaconda.org/conda-forge/linux-aarch64/scikit-learn-0.24.1-py39h19ff0ee_0.tar.bz2#5339347c2080bd1028719a1311612715
https://conda.anaconda.org/conda-forge/noarch/setuptools_scm-5.0.1-hd8ed1ab_0.tar.bz2#a646405c41a50cf223e1e04a49e3b2b9
https://conda.anaconda.org/conda-forge/linux-aarch64/lightgbm-3.1.1-py39h99ab00b_0.tar.bz2#41b2b11eec3faa128d388c166f51d257
